{
  "object": {
    "pins": [
      {
        "package": "Flynn",
        "repositoryURL": "https://github.com/KittyMac/flynn",
        "state": {
          "branch": "dispatch_queues_opt",
          "revision": "a9eabdc74f46dbcf3466cc24f2f0ca651032dd34",
          "version": null
        }
      }
    ]
  },
  "version": 1
}
