{
  "object": {
    "pins": [
      {
        "package": "Flynn",
        "repositoryURL": "https://github.com/KittyMac/flynn",
        "state": {
          "branch": "master",
          "revision": "0a3f57c8cac3150daf83f25bac49163e6e2e0024",
          "version": null
        }
      }
    ]
  },
  "version": 1
}
