{
  "object": {
    "pins": [
      {
        "package": "Flynn",
        "repositoryURL": "https://github.com/KittyMac/flynn",
        "state": {
          "branch": "ponyrt_v2",
          "revision": "d27542762d6838d3b16ba408bd97a54253ae76a3",
          "version": null
        }
      }
    ]
  },
  "version": 1
}
