// !$*UTF8*$!
{
	archiveVersion = 1;
	classes = {
	};
	objectVersion = 50;
	objects = {

/* Begin PBXAggregateTarget section */
		4628104724759D0A009F04B3 /* Flynn */ = {
			isa = PBXAggregateTarget;
			buildConfigurationList = 4628104A24759D0A009F04B3 /* Build configuration list for PBXAggregateTarget "Flynn" */;
			buildPhases = (
				4628105024759DC8009F04B3 /* Mac and iPhone Build Device and Simulator */,
				4628104B24759D14009F04B3 /* Framework Releases */,
			);
			dependencies = (
				4628104D24759D1D009F04B3 /* PBXTargetDependency */,
				4628104F24759D1D009F04B3 /* PBXTargetDependency */,
			);
			name = Flynn;
			productName = "Flynn-Release";
		};
/* End PBXAggregateTarget section */

/* Begin PBXBuildFile section */
		46229668246DF19900A3ED6D /* Flynn.framework in Frameworks */ = {isa = PBXBuildFile; fileRef = 4622965F246DF19800A3ED6D /* Flynn.framework */; };
		46229678246DF2E600A3ED6D /* Flynn.h in Headers */ = {isa = PBXBuildFile; fileRef = 46C171FC24687811004242E1 /* Flynn.h */; settings = {ATTRIBUTES = (Public, ); }; };
		46229679246DF2EC00A3ED6D /* pony.h in Headers */ = {isa = PBXBuildFile; fileRef = 46B93047246B3045004C54F7 /* pony.h */; settings = {ATTRIBUTES = (Private, ); }; };
		4622967A246DF30100A3ED6D /* ponyrt.h in Headers */ = {isa = PBXBuildFile; fileRef = 46B93024246AE7E4004C54F7 /* ponyrt.h */; };
		4622967B246DF30200A3ED6D /* atomics.h in Headers */ = {isa = PBXBuildFile; fileRef = 46B93030246AEBF4004C54F7 /* atomics.h */; };
		4622967C246DF30200A3ED6D /* threads.h in Headers */ = {isa = PBXBuildFile; fileRef = 46B9306B246B8CAE004C54F7 /* threads.h */; };
		4622967D246DF30200A3ED6D /* actor.h in Headers */ = {isa = PBXBuildFile; fileRef = 46B9304E246B85A0004C54F7 /* actor.h */; };
		4622967E246DF30200A3ED6D /* scheduler.h in Headers */ = {isa = PBXBuildFile; fileRef = 46B93020246AE7B4004C54F7 /* scheduler.h */; };
		4622967F246DF30200A3ED6D /* cpu.h in Headers */ = {isa = PBXBuildFile; fileRef = 46B93057246B89A9004C54F7 /* cpu.h */; };
		46229680246DF30200A3ED6D /* mpmcq.h in Headers */ = {isa = PBXBuildFile; fileRef = 46B93028246AE829004C54F7 /* mpmcq.h */; };
		46229681246DF30200A3ED6D /* messageq.h in Headers */ = {isa = PBXBuildFile; fileRef = 46B9302C246AE847004C54F7 /* messageq.h */; };
		46229682246DF30C00A3ED6D /* alloc.h in Headers */ = {isa = PBXBuildFile; fileRef = 46B93038246AFC52004C54F7 /* alloc.h */; };
		46229683246DF30C00A3ED6D /* pagemap.h in Headers */ = {isa = PBXBuildFile; fileRef = 46B9303C246AFC52004C54F7 /* pagemap.h */; };
		46229684246DF30C00A3ED6D /* pool.h in Headers */ = {isa = PBXBuildFile; fileRef = 46B9303E246AFC52004C54F7 /* pool.h */; };
		46229685246DF35D00A3ED6D /* ponyrt.c in Sources */ = {isa = PBXBuildFile; fileRef = 46B93025246AE7E4004C54F7 /* ponyrt.c */; };
		46229686246DF35D00A3ED6D /* threads.c in Sources */ = {isa = PBXBuildFile; fileRef = 46B9306D246B9114004C54F7 /* threads.c */; };
		46229687246DF35D00A3ED6D /* alloc.c in Sources */ = {isa = PBXBuildFile; fileRef = 46B93037246AFC52004C54F7 /* alloc.c */; };
		46229688246DF35D00A3ED6D /* pagemap.c in Sources */ = {isa = PBXBuildFile; fileRef = 46B9303B246AFC52004C54F7 /* pagemap.c */; };
		46229689246DF35D00A3ED6D /* pool.c in Sources */ = {isa = PBXBuildFile; fileRef = 46B9303D246AFC52004C54F7 /* pool.c */; };
		4622968A246DF35E00A3ED6D /* actor.c in Sources */ = {isa = PBXBuildFile; fileRef = 46B9304F246B85A0004C54F7 /* actor.c */; };
		4622968B246DF35E00A3ED6D /* scheduler.c in Sources */ = {isa = PBXBuildFile; fileRef = 46B93021246AE7B4004C54F7 /* scheduler.c */; };
		4622968C246DF35E00A3ED6D /* cpu.c in Sources */ = {isa = PBXBuildFile; fileRef = 46B93056246B89A9004C54F7 /* cpu.c */; };
		4622968D246DF35E00A3ED6D /* mpmcq.c in Sources */ = {isa = PBXBuildFile; fileRef = 46B93029246AE829004C54F7 /* mpmcq.c */; };
		4622968E246DF35E00A3ED6D /* messageq.c in Sources */ = {isa = PBXBuildFile; fileRef = 46B9302D246AE847004C54F7 /* messageq.c */; };
		4622968F246DF35E00A3ED6D /* Extensions.swift in Sources */ = {isa = PBXBuildFile; fileRef = 46A5E647246A5EBD00159AA0 /* Extensions.swift */; };
		46229690246DF35E00A3ED6D /* Behavior.swift in Sources */ = {isa = PBXBuildFile; fileRef = 462DA3A02468FEAB00D48470 /* Behavior.swift */; };
		46229691246DF35E00A3ED6D /* Actor.swift in Sources */ = {isa = PBXBuildFile; fileRef = 46DD01D924687871000A926A /* Actor.swift */; };
		46229692246DF50600A3ED6D /* Flowable.swift in Sources */ = {isa = PBXBuildFile; fileRef = 46530F162469B32B0046BAC5 /* Flowable.swift */; };
		46229693246DF50600A3ED6D /* Counter.swift in Sources */ = {isa = PBXBuildFile; fileRef = 46530F102469A1330046BAC5 /* Counter.swift */; };
		46229694246DF50600A3ED6D /* StringBuilder.swift in Sources */ = {isa = PBXBuildFile; fileRef = 46530F112469A1330046BAC5 /* StringBuilder.swift */; };
		46229695246DF50600A3ED6D /* FlynnTests.swift in Sources */ = {isa = PBXBuildFile; fileRef = 46C1720724687811004242E1 /* FlynnTests.swift */; };
		46229696246DF50600A3ED6D /* PonyRTTests.swift in Sources */ = {isa = PBXBuildFile; fileRef = 46B9306F246B9DDD004C54F7 /* PonyRTTests.swift */; };
		462DA3A12468FEAB00D48470 /* Behavior.swift in Sources */ = {isa = PBXBuildFile; fileRef = 462DA3A02468FEAB00D48470 /* Behavior.swift */; };
		46324ABE247175BD00377BA6 /* AppDelegate.swift in Sources */ = {isa = PBXBuildFile; fileRef = 46324ABD247175BD00377BA6 /* AppDelegate.swift */; };
		46324AC4247175BE00377BA6 /* Assets.xcassets in Resources */ = {isa = PBXBuildFile; fileRef = 46324AC3247175BE00377BA6 /* Assets.xcassets */; };
		46324AC7247175BE00377BA6 /* Preview Assets.xcassets in Resources */ = {isa = PBXBuildFile; fileRef = 46324AC6247175BE00377BA6 /* Preview Assets.xcassets */; };
		46324ACA247175BE00377BA6 /* LaunchScreen.storyboard in Resources */ = {isa = PBXBuildFile; fileRef = 46324AC8247175BE00377BA6 /* LaunchScreen.storyboard */; };
		46324AD2247176AB00377BA6 /* Flynn.framework in Frameworks */ = {isa = PBXBuildFile; fileRef = 4622965F246DF19800A3ED6D /* Flynn.framework */; };
		46324AD3247176AB00377BA6 /* Flynn.framework in Embed Frameworks */ = {isa = PBXBuildFile; fileRef = 4622965F246DF19800A3ED6D /* Flynn.framework */; settings = {ATTRIBUTES = (CodeSignOnCopy, RemoveHeadersOnCopy, ); }; };
		46530F122469A1330046BAC5 /* Counter.swift in Sources */ = {isa = PBXBuildFile; fileRef = 46530F102469A1330046BAC5 /* Counter.swift */; };
		46530F132469A1330046BAC5 /* StringBuilder.swift in Sources */ = {isa = PBXBuildFile; fileRef = 46530F112469A1330046BAC5 /* StringBuilder.swift */; };
		46530F172469B32B0046BAC5 /* Flowable.swift in Sources */ = {isa = PBXBuildFile; fileRef = 46530F162469B32B0046BAC5 /* Flowable.swift */; };
		46A5E648246A5EBD00159AA0 /* Extensions.swift in Sources */ = {isa = PBXBuildFile; fileRef = 46A5E647246A5EBD00159AA0 /* Extensions.swift */; };
		46B93022246AE7B4004C54F7 /* scheduler.h in Headers */ = {isa = PBXBuildFile; fileRef = 46B93020246AE7B4004C54F7 /* scheduler.h */; };
		46B93023246AE7B4004C54F7 /* scheduler.c in Sources */ = {isa = PBXBuildFile; fileRef = 46B93021246AE7B4004C54F7 /* scheduler.c */; };
		46B93026246AE7E4004C54F7 /* ponyrt.h in Headers */ = {isa = PBXBuildFile; fileRef = 46B93024246AE7E4004C54F7 /* ponyrt.h */; };
		46B93027246AE7E4004C54F7 /* ponyrt.c in Sources */ = {isa = PBXBuildFile; fileRef = 46B93025246AE7E4004C54F7 /* ponyrt.c */; };
		46B9302A246AE829004C54F7 /* mpmcq.h in Headers */ = {isa = PBXBuildFile; fileRef = 46B93028246AE829004C54F7 /* mpmcq.h */; };
		46B9302B246AE829004C54F7 /* mpmcq.c in Sources */ = {isa = PBXBuildFile; fileRef = 46B93029246AE829004C54F7 /* mpmcq.c */; };
		46B9302E246AE847004C54F7 /* messageq.h in Headers */ = {isa = PBXBuildFile; fileRef = 46B9302C246AE847004C54F7 /* messageq.h */; };
		46B9302F246AE847004C54F7 /* messageq.c in Sources */ = {isa = PBXBuildFile; fileRef = 46B9302D246AE847004C54F7 /* messageq.c */; };
		46B93031246AEBF4004C54F7 /* atomics.h in Headers */ = {isa = PBXBuildFile; fileRef = 46B93030246AEBF4004C54F7 /* atomics.h */; };
		46B9303F246AFC52004C54F7 /* alloc.c in Sources */ = {isa = PBXBuildFile; fileRef = 46B93037246AFC52004C54F7 /* alloc.c */; };
		46B93040246AFC52004C54F7 /* alloc.h in Headers */ = {isa = PBXBuildFile; fileRef = 46B93038246AFC52004C54F7 /* alloc.h */; };
		46B93043246AFC52004C54F7 /* pagemap.c in Sources */ = {isa = PBXBuildFile; fileRef = 46B9303B246AFC52004C54F7 /* pagemap.c */; };
		46B93044246AFC52004C54F7 /* pagemap.h in Headers */ = {isa = PBXBuildFile; fileRef = 46B9303C246AFC52004C54F7 /* pagemap.h */; };
		46B93045246AFC52004C54F7 /* pool.c in Sources */ = {isa = PBXBuildFile; fileRef = 46B9303D246AFC52004C54F7 /* pool.c */; };
		46B93046246AFC52004C54F7 /* pool.h in Headers */ = {isa = PBXBuildFile; fileRef = 46B9303E246AFC52004C54F7 /* pool.h */; };
		46B93048246B3045004C54F7 /* pony.h in Headers */ = {isa = PBXBuildFile; fileRef = 46B93047246B3045004C54F7 /* pony.h */; settings = {ATTRIBUTES = (Private, ); }; };
		46B93050246B85A1004C54F7 /* actor.h in Headers */ = {isa = PBXBuildFile; fileRef = 46B9304E246B85A0004C54F7 /* actor.h */; };
		46B93051246B85A1004C54F7 /* actor.c in Sources */ = {isa = PBXBuildFile; fileRef = 46B9304F246B85A0004C54F7 /* actor.c */; };
		46B93058246B89A9004C54F7 /* cpu.c in Sources */ = {isa = PBXBuildFile; fileRef = 46B93056246B89A9004C54F7 /* cpu.c */; };
		46B93059246B89A9004C54F7 /* cpu.h in Headers */ = {isa = PBXBuildFile; fileRef = 46B93057246B89A9004C54F7 /* cpu.h */; };
		46B9306C246B8CAE004C54F7 /* threads.h in Headers */ = {isa = PBXBuildFile; fileRef = 46B9306B246B8CAE004C54F7 /* threads.h */; };
		46B9306E246B9114004C54F7 /* threads.c in Sources */ = {isa = PBXBuildFile; fileRef = 46B9306D246B9114004C54F7 /* threads.c */; };
		46B93070246B9DDD004C54F7 /* PonyRTTests.swift in Sources */ = {isa = PBXBuildFile; fileRef = 46B9306F246B9DDD004C54F7 /* PonyRTTests.swift */; };
		46C1720324687811004242E1 /* Flynn.framework in Frameworks */ = {isa = PBXBuildFile; fileRef = 46C171F924687811004242E1 /* Flynn.framework */; };
		46C1720824687811004242E1 /* FlynnTests.swift in Sources */ = {isa = PBXBuildFile; fileRef = 46C1720724687811004242E1 /* FlynnTests.swift */; };
		46C1720A24687811004242E1 /* Flynn.h in Headers */ = {isa = PBXBuildFile; fileRef = 46C171FC24687811004242E1 /* Flynn.h */; settings = {ATTRIBUTES = (Public, ); }; };
		46DD01DA24687871000A926A /* Actor.swift in Sources */ = {isa = PBXBuildFile; fileRef = 46DD01D924687871000A926A /* Actor.swift */; };
/* End PBXBuildFile section */

/* Begin PBXContainerItemProxy section */
		46229669246DF19900A3ED6D /* PBXContainerItemProxy */ = {
			isa = PBXContainerItemProxy;
			containerPortal = 46C171F024687811004242E1 /* Project object */;
			proxyType = 1;
			remoteGlobalIDString = 4622965E246DF19800A3ED6D;
			remoteInfo = "Flynn-iOS";
		};
		4628104C24759D1D009F04B3 /* PBXContainerItemProxy */ = {
			isa = PBXContainerItemProxy;
			containerPortal = 46C171F024687811004242E1 /* Project object */;
			proxyType = 1;
			remoteGlobalIDString = 4622965E246DF19800A3ED6D;
			remoteInfo = "Flynn-iOS";
		};
		4628104E24759D1D009F04B3 /* PBXContainerItemProxy */ = {
			isa = PBXContainerItemProxy;
			containerPortal = 46C171F024687811004242E1 /* Project object */;
			proxyType = 1;
			remoteGlobalIDString = 46C171F824687811004242E1;
			remoteInfo = "Flynn-macOS";
		};
		46324ACF247175CB00377BA6 /* PBXContainerItemProxy */ = {
			isa = PBXContainerItemProxy;
			containerPortal = 46C171F024687811004242E1 /* Project object */;
			proxyType = 1;
			remoteGlobalIDString = 46324ABA247175BD00377BA6;
			remoteInfo = TestHost;
		};
		46324AD4247176AB00377BA6 /* PBXContainerItemProxy */ = {
			isa = PBXContainerItemProxy;
			containerPortal = 46C171F024687811004242E1 /* Project object */;
			proxyType = 1;
			remoteGlobalIDString = 4622965E246DF19800A3ED6D;
			remoteInfo = "Flynn-iOS";
		};
		46C1720424687811004242E1 /* PBXContainerItemProxy */ = {
			isa = PBXContainerItemProxy;
			containerPortal = 46C171F024687811004242E1 /* Project object */;
			proxyType = 1;
			remoteGlobalIDString = 46C171F824687811004242E1;
			remoteInfo = Flynn;
		};
/* End PBXContainerItemProxy section */

/* Begin PBXCopyFilesBuildPhase section */
		46324AD6247176AC00377BA6 /* Embed Frameworks */ = {
			isa = PBXCopyFilesBuildPhase;
			buildActionMask = 2147483647;
			dstPath = "";
			dstSubfolderSpec = 10;
			files = (
				46324AD3247176AB00377BA6 /* Flynn.framework in Embed Frameworks */,
			);
			name = "Embed Frameworks";
			runOnlyForDeploymentPostprocessing = 0;
		};
/* End PBXCopyFilesBuildPhase section */

/* Begin PBXFileReference section */
		4622965F246DF19800A3ED6D /* Flynn.framework */ = {isa = PBXFileReference; explicitFileType = wrapper.framework; includeInIndex = 0; path = Flynn.framework; sourceTree = BUILT_PRODUCTS_DIR; };
		46229662246DF19800A3ED6D /* Info.plist */ = {isa = PBXFileReference; lastKnownFileType = text.plist.xml; path = Info.plist; sourceTree = "<group>"; };
		46229667246DF19900A3ED6D /* Flynn-iOSTests.xctest */ = {isa = PBXFileReference; explicitFileType = wrapper.cfbundle; includeInIndex = 0; path = "Flynn-iOSTests.xctest"; sourceTree = BUILT_PRODUCTS_DIR; };
		46229677246DF23300A3ED6D /* PonySwift.modulemap */ = {isa = PBXFileReference; lastKnownFileType = "sourcecode.module-map"; path = PonySwift.modulemap; sourceTree = "<group>"; };
		462DA3A02468FEAB00D48470 /* Behavior.swift */ = {isa = PBXFileReference; fileEncoding = 4; lastKnownFileType = sourcecode.swift; path = Behavior.swift; sourceTree = "<group>"; };
		46324ABB247175BD00377BA6 /* TestHost.app */ = {isa = PBXFileReference; explicitFileType = wrapper.application; includeInIndex = 0; path = TestHost.app; sourceTree = BUILT_PRODUCTS_DIR; };
		46324ABD247175BD00377BA6 /* AppDelegate.swift */ = {isa = PBXFileReference; lastKnownFileType = sourcecode.swift; path = AppDelegate.swift; sourceTree = "<group>"; };
		46324AC3247175BE00377BA6 /* Assets.xcassets */ = {isa = PBXFileReference; lastKnownFileType = folder.assetcatalog; path = Assets.xcassets; sourceTree = "<group>"; };
		46324AC6247175BE00377BA6 /* Preview Assets.xcassets */ = {isa = PBXFileReference; lastKnownFileType = folder.assetcatalog; path = "Preview Assets.xcassets"; sourceTree = "<group>"; };
		46324AC9247175BE00377BA6 /* Base */ = {isa = PBXFileReference; lastKnownFileType = file.storyboard; name = Base; path = Base.lproj/LaunchScreen.storyboard; sourceTree = "<group>"; };
		46324ACB247175BE00377BA6 /* Info.plist */ = {isa = PBXFileReference; lastKnownFileType = text.plist.xml; path = Info.plist; sourceTree = "<group>"; };
		46530F102469A1330046BAC5 /* Counter.swift */ = {isa = PBXFileReference; fileEncoding = 4; lastKnownFileType = sourcecode.swift; path = Counter.swift; sourceTree = "<group>"; };
		46530F112469A1330046BAC5 /* StringBuilder.swift */ = {isa = PBXFileReference; fileEncoding = 4; lastKnownFileType = sourcecode.swift; path = StringBuilder.swift; sourceTree = "<group>"; };
		46530F162469B32B0046BAC5 /* Flowable.swift */ = {isa = PBXFileReference; fileEncoding = 4; lastKnownFileType = sourcecode.swift; path = Flowable.swift; sourceTree = "<group>"; };
		46A5E647246A5EBD00159AA0 /* Extensions.swift */ = {isa = PBXFileReference; fileEncoding = 4; lastKnownFileType = sourcecode.swift; path = Extensions.swift; sourceTree = "<group>"; };
		46B93020246AE7B4004C54F7 /* scheduler.h */ = {isa = PBXFileReference; lastKnownFileType = sourcecode.c.h; path = scheduler.h; sourceTree = "<group>"; };
		46B93021246AE7B4004C54F7 /* scheduler.c */ = {isa = PBXFileReference; lastKnownFileType = sourcecode.c.c; path = scheduler.c; sourceTree = "<group>"; };
		46B93024246AE7E4004C54F7 /* ponyrt.h */ = {isa = PBXFileReference; lastKnownFileType = sourcecode.c.h; path = ponyrt.h; sourceTree = "<group>"; };
		46B93025246AE7E4004C54F7 /* ponyrt.c */ = {isa = PBXFileReference; lastKnownFileType = sourcecode.c.c; path = ponyrt.c; sourceTree = "<group>"; };
		46B93028246AE829004C54F7 /* mpmcq.h */ = {isa = PBXFileReference; lastKnownFileType = sourcecode.c.h; path = mpmcq.h; sourceTree = "<group>"; };
		46B93029246AE829004C54F7 /* mpmcq.c */ = {isa = PBXFileReference; lastKnownFileType = sourcecode.c.c; path = mpmcq.c; sourceTree = "<group>"; };
		46B9302C246AE847004C54F7 /* messageq.h */ = {isa = PBXFileReference; lastKnownFileType = sourcecode.c.h; path = messageq.h; sourceTree = "<group>"; };
		46B9302D246AE847004C54F7 /* messageq.c */ = {isa = PBXFileReference; lastKnownFileType = sourcecode.c.c; path = messageq.c; sourceTree = "<group>"; };
		46B93030246AEBF4004C54F7 /* atomics.h */ = {isa = PBXFileReference; fileEncoding = 4; lastKnownFileType = sourcecode.c.h; path = atomics.h; sourceTree = "<group>"; };
		46B93037246AFC52004C54F7 /* alloc.c */ = {isa = PBXFileReference; fileEncoding = 4; lastKnownFileType = sourcecode.c.c; path = alloc.c; sourceTree = "<group>"; };
		46B93038246AFC52004C54F7 /* alloc.h */ = {isa = PBXFileReference; fileEncoding = 4; lastKnownFileType = sourcecode.c.h; path = alloc.h; sourceTree = "<group>"; };
		46B9303B246AFC52004C54F7 /* pagemap.c */ = {isa = PBXFileReference; fileEncoding = 4; lastKnownFileType = sourcecode.c.c; path = pagemap.c; sourceTree = "<group>"; };
		46B9303C246AFC52004C54F7 /* pagemap.h */ = {isa = PBXFileReference; fileEncoding = 4; lastKnownFileType = sourcecode.c.h; path = pagemap.h; sourceTree = "<group>"; };
		46B9303D246AFC52004C54F7 /* pool.c */ = {isa = PBXFileReference; fileEncoding = 4; lastKnownFileType = sourcecode.c.c; path = pool.c; sourceTree = "<group>"; };
		46B9303E246AFC52004C54F7 /* pool.h */ = {isa = PBXFileReference; fileEncoding = 4; lastKnownFileType = sourcecode.c.h; path = pool.h; sourceTree = "<group>"; };
		46B93047246B3045004C54F7 /* pony.h */ = {isa = PBXFileReference; fileEncoding = 4; lastKnownFileType = sourcecode.c.h; path = pony.h; sourceTree = "<group>"; };
		46B9304E246B85A0004C54F7 /* actor.h */ = {isa = PBXFileReference; fileEncoding = 4; lastKnownFileType = sourcecode.c.h; path = actor.h; sourceTree = "<group>"; };
		46B9304F246B85A0004C54F7 /* actor.c */ = {isa = PBXFileReference; fileEncoding = 4; lastKnownFileType = sourcecode.c.c; path = actor.c; sourceTree = "<group>"; };
		46B93056246B89A9004C54F7 /* cpu.c */ = {isa = PBXFileReference; fileEncoding = 4; lastKnownFileType = sourcecode.c.c; path = cpu.c; sourceTree = "<group>"; };
		46B93057246B89A9004C54F7 /* cpu.h */ = {isa = PBXFileReference; fileEncoding = 4; lastKnownFileType = sourcecode.c.h; path = cpu.h; sourceTree = "<group>"; };
		46B9306B246B8CAE004C54F7 /* threads.h */ = {isa = PBXFileReference; fileEncoding = 4; lastKnownFileType = sourcecode.c.h; path = threads.h; sourceTree = "<group>"; };
		46B9306D246B9114004C54F7 /* threads.c */ = {isa = PBXFileReference; fileEncoding = 4; lastKnownFileType = sourcecode.c.c; path = threads.c; sourceTree = "<group>"; };
		46B9306F246B9DDD004C54F7 /* PonyRTTests.swift */ = {isa = PBXFileReference; lastKnownFileType = sourcecode.swift; path = PonyRTTests.swift; sourceTree = "<group>"; };
		46C171F924687811004242E1 /* Flynn.framework */ = {isa = PBXFileReference; explicitFileType = wrapper.framework; includeInIndex = 0; path = Flynn.framework; sourceTree = BUILT_PRODUCTS_DIR; };
		46C171FC24687811004242E1 /* Flynn.h */ = {isa = PBXFileReference; lastKnownFileType = sourcecode.c.h; path = Flynn.h; sourceTree = "<group>"; };
		46C171FD24687811004242E1 /* Info.plist */ = {isa = PBXFileReference; lastKnownFileType = text.plist.xml; path = Info.plist; sourceTree = "<group>"; };
		46C1720224687811004242E1 /* Flynn-macOSTests.xctest */ = {isa = PBXFileReference; explicitFileType = wrapper.cfbundle; includeInIndex = 0; path = "Flynn-macOSTests.xctest"; sourceTree = BUILT_PRODUCTS_DIR; };
		46C1720724687811004242E1 /* FlynnTests.swift */ = {isa = PBXFileReference; lastKnownFileType = sourcecode.swift; path = FlynnTests.swift; sourceTree = "<group>"; };
		46C1720924687811004242E1 /* Info.plist */ = {isa = PBXFileReference; lastKnownFileType = text.plist.xml; path = Info.plist; sourceTree = "<group>"; };
		46DD01D924687871000A926A /* Actor.swift */ = {isa = PBXFileReference; lastKnownFileType = sourcecode.swift; path = Actor.swift; sourceTree = "<group>"; };
/* End PBXFileReference section */

/* Begin PBXFrameworksBuildPhase section */
		4622965C246DF19800A3ED6D /* Frameworks */ = {
			isa = PBXFrameworksBuildPhase;
			buildActionMask = 2147483647;
			files = (
			);
			runOnlyForDeploymentPostprocessing = 0;
		};
		46229664246DF19900A3ED6D /* Frameworks */ = {
			isa = PBXFrameworksBuildPhase;
			buildActionMask = 2147483647;
			files = (
				46229668246DF19900A3ED6D /* Flynn.framework in Frameworks */,
			);
			runOnlyForDeploymentPostprocessing = 0;
		};
		46324AB8247175BD00377BA6 /* Frameworks */ = {
			isa = PBXFrameworksBuildPhase;
			buildActionMask = 2147483647;
			files = (
				46324AD2247176AB00377BA6 /* Flynn.framework in Frameworks */,
			);
			runOnlyForDeploymentPostprocessing = 0;
		};
		46C171F624687811004242E1 /* Frameworks */ = {
			isa = PBXFrameworksBuildPhase;
			buildActionMask = 2147483647;
			files = (
			);
			runOnlyForDeploymentPostprocessing = 0;
		};
		46C171FF24687811004242E1 /* Frameworks */ = {
			isa = PBXFrameworksBuildPhase;
			buildActionMask = 2147483647;
			files = (
				46C1720324687811004242E1 /* Flynn.framework in Frameworks */,
			);
			runOnlyForDeploymentPostprocessing = 0;
		};
/* End PBXFrameworksBuildPhase section */

/* Begin PBXGroup section */
		46229660246DF19800A3ED6D /* Flynn-iOS */ = {
			isa = PBXGroup;
			children = (
				46229662246DF19800A3ED6D /* Info.plist */,
			);
			path = "Flynn-iOS";
			sourceTree = "<group>";
		};
		46229676246DF1BF00A3ED6D /* Flynn-Shared */ = {
			isa = PBXGroup;
			children = (
				46C171FC24687811004242E1 /* Flynn.h */,
				46B9301F246AE737004C54F7 /* PonyRT */,
				46A5E647246A5EBD00159AA0 /* Extensions.swift */,
				462DA3A02468FEAB00D48470 /* Behavior.swift */,
				46DD01D924687871000A926A /* Actor.swift */,
			);
			path = "Flynn-Shared";
			sourceTree = "<group>";
		};
		46324ABC247175BD00377BA6 /* TestHost */ = {
			isa = PBXGroup;
			children = (
				46324ABD247175BD00377BA6 /* AppDelegate.swift */,
				46324AC3247175BE00377BA6 /* Assets.xcassets */,
				46324AC8247175BE00377BA6 /* LaunchScreen.storyboard */,
				46324ACB247175BE00377BA6 /* Info.plist */,
				46324AC5247175BE00377BA6 /* Preview Content */,
			);
			path = TestHost;
			sourceTree = "<group>";
		};
		46324AC5247175BE00377BA6 /* Preview Content */ = {
			isa = PBXGroup;
			children = (
				46324AC6247175BE00377BA6 /* Preview Assets.xcassets */,
			);
			path = "Preview Content";
			sourceTree = "<group>";
		};
		46324AD1247176AB00377BA6 /* Frameworks */ = {
			isa = PBXGroup;
			children = (
			);
			name = Frameworks;
			sourceTree = "<group>";
		};
		46530F0F2469A0ED0046BAC5 /* Support Files */ = {
			isa = PBXGroup;
			children = (
				46530F162469B32B0046BAC5 /* Flowable.swift */,
				46530F102469A1330046BAC5 /* Counter.swift */,
				46530F112469A1330046BAC5 /* StringBuilder.swift */,
			);
			path = "Support Files";
			sourceTree = "<group>";
		};
		46B9301F246AE737004C54F7 /* PonyRT */ = {
			isa = PBXGroup;
			children = (
				46B93047246B3045004C54F7 /* pony.h */,
				46B93024246AE7E4004C54F7 /* ponyrt.h */,
				46B93025246AE7E4004C54F7 /* ponyrt.c */,
				46B93030246AEBF4004C54F7 /* atomics.h */,
				46B9306B246B8CAE004C54F7 /* threads.h */,
				46B9306D246B9114004C54F7 /* threads.c */,
				46B93036246AFC52004C54F7 /* mem */,
				46B9304E246B85A0004C54F7 /* actor.h */,
				46B9304F246B85A0004C54F7 /* actor.c */,
				46B93020246AE7B4004C54F7 /* scheduler.h */,
				46B93021246AE7B4004C54F7 /* scheduler.c */,
				46B93057246B89A9004C54F7 /* cpu.h */,
				46B93056246B89A9004C54F7 /* cpu.c */,
				46B93028246AE829004C54F7 /* mpmcq.h */,
				46B93029246AE829004C54F7 /* mpmcq.c */,
				46B9302C246AE847004C54F7 /* messageq.h */,
				46B9302D246AE847004C54F7 /* messageq.c */,
			);
			path = PonyRT;
			sourceTree = "<group>";
		};
		46B93036246AFC52004C54F7 /* mem */ = {
			isa = PBXGroup;
			children = (
				46B93038246AFC52004C54F7 /* alloc.h */,
				46B93037246AFC52004C54F7 /* alloc.c */,
				46B9303C246AFC52004C54F7 /* pagemap.h */,
				46B9303B246AFC52004C54F7 /* pagemap.c */,
				46B9303E246AFC52004C54F7 /* pool.h */,
				46B9303D246AFC52004C54F7 /* pool.c */,
			);
			path = mem;
			sourceTree = "<group>";
		};
		46C171EF24687811004242E1 = {
			isa = PBXGroup;
			children = (
				46229677246DF23300A3ED6D /* PonySwift.modulemap */,
				46229676246DF1BF00A3ED6D /* Flynn-Shared */,
				46C171FB24687811004242E1 /* Flynn-macOS */,
				46229660246DF19800A3ED6D /* Flynn-iOS */,
				46C1720624687811004242E1 /* FlynnTests */,
				46324ABC247175BD00377BA6 /* TestHost */,
				46C171FA24687811004242E1 /* Products */,
				46324AD1247176AB00377BA6 /* Frameworks */,
			);
			sourceTree = "<group>";
		};
		46C171FA24687811004242E1 /* Products */ = {
			isa = PBXGroup;
			children = (
				46C171F924687811004242E1 /* Flynn.framework */,
				46C1720224687811004242E1 /* Flynn-macOSTests.xctest */,
				4622965F246DF19800A3ED6D /* Flynn.framework */,
				46229667246DF19900A3ED6D /* Flynn-iOSTests.xctest */,
				46324ABB247175BD00377BA6 /* TestHost.app */,
			);
			name = Products;
			sourceTree = "<group>";
		};
		46C171FB24687811004242E1 /* Flynn-macOS */ = {
			isa = PBXGroup;
			children = (
				46C171FD24687811004242E1 /* Info.plist */,
			);
			path = "Flynn-macOS";
			sourceTree = "<group>";
		};
		46C1720624687811004242E1 /* FlynnTests */ = {
			isa = PBXGroup;
			children = (
				46530F0F2469A0ED0046BAC5 /* Support Files */,
				46C1720724687811004242E1 /* FlynnTests.swift */,
				46B9306F246B9DDD004C54F7 /* PonyRTTests.swift */,
				46C1720924687811004242E1 /* Info.plist */,
			);
			path = FlynnTests;
			sourceTree = "<group>";
		};
/* End PBXGroup section */

/* Begin PBXHeadersBuildPhase section */
		4622965A246DF19800A3ED6D /* Headers */ = {
			isa = PBXHeadersBuildPhase;
			buildActionMask = 2147483647;
			files = (
				46229678246DF2E600A3ED6D /* Flynn.h in Headers */,
				46229679246DF2EC00A3ED6D /* pony.h in Headers */,
				46229682246DF30C00A3ED6D /* alloc.h in Headers */,
				46229683246DF30C00A3ED6D /* pagemap.h in Headers */,
				46229684246DF30C00A3ED6D /* pool.h in Headers */,
				4622967A246DF30100A3ED6D /* ponyrt.h in Headers */,
				4622967B246DF30200A3ED6D /* atomics.h in Headers */,
				4622967C246DF30200A3ED6D /* threads.h in Headers */,
				4622967D246DF30200A3ED6D /* actor.h in Headers */,
				4622967E246DF30200A3ED6D /* scheduler.h in Headers */,
				4622967F246DF30200A3ED6D /* cpu.h in Headers */,
				46229680246DF30200A3ED6D /* mpmcq.h in Headers */,
				46229681246DF30200A3ED6D /* messageq.h in Headers */,
			);
			runOnlyForDeploymentPostprocessing = 0;
		};
		46C171F424687811004242E1 /* Headers */ = {
			isa = PBXHeadersBuildPhase;
			buildActionMask = 2147483647;
			files = (
				46B93050246B85A1004C54F7 /* actor.h in Headers */,
				46B93040246AFC52004C54F7 /* alloc.h in Headers */,
				46B93048246B3045004C54F7 /* pony.h in Headers */,
				46B9302E246AE847004C54F7 /* messageq.h in Headers */,
				46B93046246AFC52004C54F7 /* pool.h in Headers */,
				46B93031246AEBF4004C54F7 /* atomics.h in Headers */,
				46B9306C246B8CAE004C54F7 /* threads.h in Headers */,
				46B93022246AE7B4004C54F7 /* scheduler.h in Headers */,
				46B93044246AFC52004C54F7 /* pagemap.h in Headers */,
				46B93026246AE7E4004C54F7 /* ponyrt.h in Headers */,
				46B93059246B89A9004C54F7 /* cpu.h in Headers */,
				46C1720A24687811004242E1 /* Flynn.h in Headers */,
				46B9302A246AE829004C54F7 /* mpmcq.h in Headers */,
			);
			runOnlyForDeploymentPostprocessing = 0;
		};
/* End PBXHeadersBuildPhase section */

/* Begin PBXNativeTarget section */
		4622965E246DF19800A3ED6D /* Flynn-iOS */ = {
			isa = PBXNativeTarget;
			buildConfigurationList = 46229674246DF19900A3ED6D /* Build configuration list for PBXNativeTarget "Flynn-iOS" */;
			buildPhases = (
				4622965A246DF19800A3ED6D /* Headers */,
				4622965B246DF19800A3ED6D /* Sources */,
				4622965C246DF19800A3ED6D /* Frameworks */,
				4622965D246DF19800A3ED6D /* Resources */,
			);
			buildRules = (
			);
			dependencies = (
			);
			name = "Flynn-iOS";
			productName = "Flynn-iOS";
			productReference = 4622965F246DF19800A3ED6D /* Flynn.framework */;
			productType = "com.apple.product-type.framework";
		};
		46229666246DF19900A3ED6D /* Flynn-iOSTests */ = {
			isa = PBXNativeTarget;
			buildConfigurationList = 46229675246DF19900A3ED6D /* Build configuration list for PBXNativeTarget "Flynn-iOSTests" */;
			buildPhases = (
				46229663246DF19900A3ED6D /* Sources */,
				46229664246DF19900A3ED6D /* Frameworks */,
				46229665246DF19900A3ED6D /* Resources */,
			);
			buildRules = (
			);
			dependencies = (
				4622966A246DF19900A3ED6D /* PBXTargetDependency */,
				46324AD0247175CB00377BA6 /* PBXTargetDependency */,
			);
			name = "Flynn-iOSTests";
			productName = "Flynn-iOSTests";
			productReference = 46229667246DF19900A3ED6D /* Flynn-iOSTests.xctest */;
			productType = "com.apple.product-type.bundle.unit-test";
		};
		46324ABA247175BD00377BA6 /* TestHost */ = {
			isa = PBXNativeTarget;
			buildConfigurationList = 46324ACC247175BE00377BA6 /* Build configuration list for PBXNativeTarget "TestHost" */;
			buildPhases = (
				46324AB7247175BD00377BA6 /* Sources */,
				46324AB8247175BD00377BA6 /* Frameworks */,
				46324AB9247175BD00377BA6 /* Resources */,
				46324AD6247176AC00377BA6 /* Embed Frameworks */,
			);
			buildRules = (
			);
			dependencies = (
				46324AD5247176AB00377BA6 /* PBXTargetDependency */,
			);
			name = TestHost;
			productName = TestHost;
			productReference = 46324ABB247175BD00377BA6 /* TestHost.app */;
			productType = "com.apple.product-type.application";
		};
		46C171F824687811004242E1 /* Flynn-macOS */ = {
			isa = PBXNativeTarget;
			buildConfigurationList = 46C1720D24687811004242E1 /* Build configuration list for PBXNativeTarget "Flynn-macOS" */;
			buildPhases = (
				46C171F424687811004242E1 /* Headers */,
				46C171F524687811004242E1 /* Sources */,
				46C171F624687811004242E1 /* Frameworks */,
				46C171F724687811004242E1 /* Resources */,
			);
			buildRules = (
			);
			dependencies = (
			);
			name = "Flynn-macOS";
			productName = Flynn;
			productReference = 46C171F924687811004242E1 /* Flynn.framework */;
			productType = "com.apple.product-type.framework";
		};
		46C1720124687811004242E1 /* Flynn-macOSTests */ = {
			isa = PBXNativeTarget;
			buildConfigurationList = 46C1721024687811004242E1 /* Build configuration list for PBXNativeTarget "Flynn-macOSTests" */;
			buildPhases = (
				46C171FE24687811004242E1 /* Sources */,
				46C171FF24687811004242E1 /* Frameworks */,
				46C1720024687811004242E1 /* Resources */,
			);
			buildRules = (
			);
			dependencies = (
				46C1720524687811004242E1 /* PBXTargetDependency */,
			);
			name = "Flynn-macOSTests";
			productName = FlynnTests;
			productReference = 46C1720224687811004242E1 /* Flynn-macOSTests.xctest */;
			productType = "com.apple.product-type.bundle.unit-test";
		};
/* End PBXNativeTarget section */

/* Begin PBXProject section */
		46C171F024687811004242E1 /* Project object */ = {
			isa = PBXProject;
			attributes = {
				LastSwiftUpdateCheck = 1140;
				LastUpgradeCheck = 1120;
				ORGANIZATIONNAME = "Rocco Bowling";
				TargetAttributes = {
					4622965E246DF19800A3ED6D = {
						CreatedOnToolsVersion = 11.3.1;
					};
					46229666246DF19900A3ED6D = {
						CreatedOnToolsVersion = 11.3.1;
						TestTargetID = 46324ABA247175BD00377BA6;
					};
					4628104724759D0A009F04B3 = {
						CreatedOnToolsVersion = 11.4.1;
					};
					46324ABA247175BD00377BA6 = {
						CreatedOnToolsVersion = 11.4.1;
					};
					46C171F824687811004242E1 = {
						CreatedOnToolsVersion = 11.2.1;
						LastSwiftMigration = 1130;
					};
					46C1720124687811004242E1 = {
						CreatedOnToolsVersion = 11.2.1;
					};
				};
			};
			buildConfigurationList = 46C171F324687811004242E1 /* Build configuration list for PBXProject "Flynn" */;
			compatibilityVersion = "Xcode 9.3";
			developmentRegion = en;
			hasScannedForEncodings = 0;
			knownRegions = (
				en,
				Base,
			);
			mainGroup = 46C171EF24687811004242E1;
			productRefGroup = 46C171FA24687811004242E1 /* Products */;
			projectDirPath = "";
			projectRoot = "";
			targets = (
				46C171F824687811004242E1 /* Flynn-macOS */,
				46C1720124687811004242E1 /* Flynn-macOSTests */,
				4622965E246DF19800A3ED6D /* Flynn-iOS */,
				46229666246DF19900A3ED6D /* Flynn-iOSTests */,
				46324ABA247175BD00377BA6 /* TestHost */,
				4628104724759D0A009F04B3 /* Flynn */,
			);
		};
/* End PBXProject section */

/* Begin PBXResourcesBuildPhase section */
		4622965D246DF19800A3ED6D /* Resources */ = {
			isa = PBXResourcesBuildPhase;
			buildActionMask = 2147483647;
			files = (
			);
			runOnlyForDeploymentPostprocessing = 0;
		};
		46229665246DF19900A3ED6D /* Resources */ = {
			isa = PBXResourcesBuildPhase;
			buildActionMask = 2147483647;
			files = (
			);
			runOnlyForDeploymentPostprocessing = 0;
		};
		46324AB9247175BD00377BA6 /* Resources */ = {
			isa = PBXResourcesBuildPhase;
			buildActionMask = 2147483647;
			files = (
				46324ACA247175BE00377BA6 /* LaunchScreen.storyboard in Resources */,
				46324AC7247175BE00377BA6 /* Preview Assets.xcassets in Resources */,
				46324AC4247175BE00377BA6 /* Assets.xcassets in Resources */,
			);
			runOnlyForDeploymentPostprocessing = 0;
		};
		46C171F724687811004242E1 /* Resources */ = {
			isa = PBXResourcesBuildPhase;
			buildActionMask = 2147483647;
			files = (
			);
			runOnlyForDeploymentPostprocessing = 0;
		};
		46C1720024687811004242E1 /* Resources */ = {
			isa = PBXResourcesBuildPhase;
			buildActionMask = 2147483647;
			files = (
			);
			runOnlyForDeploymentPostprocessing = 0;
		};
/* End PBXResourcesBuildPhase section */

/* Begin PBXShellScriptBuildPhase section */
		4628104B24759D14009F04B3 /* Framework Releases */ = {
			isa = PBXShellScriptBuildPhase;
			buildActionMask = 2147483647;
			files = (
			);
			inputFileListPaths = (
			);
			inputPaths = (
			);
			name = "Framework Releases";
			outputFileListPaths = (
			);
			outputPaths = (
			);
			runOnlyForDeploymentPostprocessing = 0;
			shellPath = /bin/sh;
			shellScript = "RELEASE_LIBRARY_DIR=\"${BUILD_DIR}/${PROJECT_NAME}-releases\" &&\nRELEASE_MACOSX_LIBRARY_DIR=\"${RELEASE_LIBRARY_DIR}/macOS\" &&\nRELEASE_IOS_LIBRARY_DIR=\"${RELEASE_LIBRARY_DIR}/iOS\" &&\n\n# Remove any existing builds and setup platform folders\nrm -rf \"${RELEASE_LIBRARY_DIR}\" &&\nmkdir -p \"${RELEASE_MACOSX_LIBRARY_DIR}\" &&\nmkdir -p \"${RELEASE_IOS_LIBRARY_DIR}\" &&\n\nMACOSX_FRAMEWORK_PATH=\"${BUILD_DIR}/${CONFIGURATION}-macosx/${PROJECT_NAME}.framework\" &&\nMACOSX_LIBRARY_PATH=\"${MACOSX_FRAMEWORK_PATH}/${PROJECT_NAME}\" &&\nMACOSX_FRAMEWORK=\"${RELEASE_MACOSX_LIBRARY_DIR}/${PRODUCT_NAME}.framework\" &&\n\nSIMULATOR_LIBRARY_PATH=\"${BUILD_DIR}/${CONFIGURATION}-iphonesimulator/${PROJECT_NAME}.framework/${PROJECT_NAME}\" &&\nDEVICE_FRAMEWORK_PATH=\"${BUILD_DIR}/${CONFIGURATION}-iphoneos/${PROJECT_NAME}.framework\" &&\nDEVICE_LIBRARY_PATH=\"${DEVICE_FRAMEWORK_PATH}/${PROJECT_NAME}\" &&\n\nIOS_FRAMEWORK=\"${RELEASE_IOS_LIBRARY_DIR}/${PRODUCT_NAME}.framework\" &&\nIOS_LIBRARY_PATH=\"${IOS_FRAMEWORK}/${PRODUCT_NAME}\" &&\n\n\n# Create a copy of the framework for macOS\ncp -R \"${MACOSX_FRAMEWORK_PATH}\" \"${MACOSX_FRAMEWORK}\" &&\nrm -rf \"${MACOSX_FRAMEWORK}/_CodeSignature\"\n\n# Create a copy of the device framework for iOS\ncp -R \"${DEVICE_FRAMEWORK_PATH}\" \"${IOS_FRAMEWORK}\" &&\nrm -rf \"${IOS_FRAMEWORK}/_CodeSignature\"\n\n# Generate universal binary for the device and simulator.\nlipo \"${SIMULATOR_LIBRARY_PATH}\" \"${DEVICE_LIBRARY_PATH}\" -create -output \"${IOS_LIBRARY_PATH}\"\n";
		};
		4628105024759DC8009F04B3 /* Mac and iPhone Build Device and Simulator */ = {
			isa = PBXShellScriptBuildPhase;
			buildActionMask = 2147483647;
			files = (
			);
			inputFileListPaths = (
			);
			inputPaths = (
			);
			name = "Mac and iPhone Build Device and Simulator";
			outputFileListPaths = (
			);
			outputPaths = (
			);
			runOnlyForDeploymentPostprocessing = 0;
			shellPath = /bin/sh;
			shellScript = "xcodebuild -project ${PROJECT_NAME}.xcodeproj -sdk iphonesimulator -target ${PROJECT_NAME}-iOS -configuration ${CONFIGURATION} clean build CONFIGURATION_BUILD_DIR=${BUILD_DIR}/${CONFIGURATION}-iphonesimulator\n \nxcodebuild -project ${PROJECT_NAME}.xcodeproj -sdk iphoneos -target ${PROJECT_NAME}-iOS -configuration ${CONFIGURATION} clean build CONFIGURATION_BUILD_DIR=${BUILD_DIR}/${CONFIGURATION}-iphoneos\n\nxcodebuild -project ${PROJECT_NAME}.xcodeproj -sdk macosx -target ${PROJECT_NAME}-macOS -configuration ${CONFIGURATION} clean build CONFIGURATION_BUILD_DIR=${BUILD_DIR}/${CONFIGURATION}-macosx\n";
		};
/* End PBXShellScriptBuildPhase section */

/* Begin PBXSourcesBuildPhase section */
		4622965B246DF19800A3ED6D /* Sources */ = {
			isa = PBXSourcesBuildPhase;
			buildActionMask = 2147483647;
			files = (
				46229685246DF35D00A3ED6D /* ponyrt.c in Sources */,
				46229686246DF35D00A3ED6D /* threads.c in Sources */,
				46229687246DF35D00A3ED6D /* alloc.c in Sources */,
				46229688246DF35D00A3ED6D /* pagemap.c in Sources */,
				46229689246DF35D00A3ED6D /* pool.c in Sources */,
				4622968A246DF35E00A3ED6D /* actor.c in Sources */,
				4622968B246DF35E00A3ED6D /* scheduler.c in Sources */,
				4622968C246DF35E00A3ED6D /* cpu.c in Sources */,
				4622968D246DF35E00A3ED6D /* mpmcq.c in Sources */,
				4622968E246DF35E00A3ED6D /* messageq.c in Sources */,
				4622968F246DF35E00A3ED6D /* Extensions.swift in Sources */,
				46229690246DF35E00A3ED6D /* Behavior.swift in Sources */,
				46229691246DF35E00A3ED6D /* Actor.swift in Sources */,
			);
			runOnlyForDeploymentPostprocessing = 0;
		};
		46229663246DF19900A3ED6D /* Sources */ = {
			isa = PBXSourcesBuildPhase;
			buildActionMask = 2147483647;
			files = (
				46229692246DF50600A3ED6D /* Flowable.swift in Sources */,
				46229693246DF50600A3ED6D /* Counter.swift in Sources */,
				46229694246DF50600A3ED6D /* StringBuilder.swift in Sources */,
				46229695246DF50600A3ED6D /* FlynnTests.swift in Sources */,
				46229696246DF50600A3ED6D /* PonyRTTests.swift in Sources */,
			);
			runOnlyForDeploymentPostprocessing = 0;
		};
		46324AB7247175BD00377BA6 /* Sources */ = {
			isa = PBXSourcesBuildPhase;
			buildActionMask = 2147483647;
			files = (
				46324ABE247175BD00377BA6 /* AppDelegate.swift in Sources */,
			);
			runOnlyForDeploymentPostprocessing = 0;
		};
		46C171F524687811004242E1 /* Sources */ = {
			isa = PBXSourcesBuildPhase;
			buildActionMask = 2147483647;
			files = (
				46B9303F246AFC52004C54F7 /* alloc.c in Sources */,
				46B93058246B89A9004C54F7 /* cpu.c in Sources */,
				46B9302B246AE829004C54F7 /* mpmcq.c in Sources */,
				462DA3A12468FEAB00D48470 /* Behavior.swift in Sources */,
				46B9302F246AE847004C54F7 /* messageq.c in Sources */,
				46B9306E246B9114004C54F7 /* threads.c in Sources */,
				46B93051246B85A1004C54F7 /* actor.c in Sources */,
				46B93045246AFC52004C54F7 /* pool.c in Sources */,
				46B93043246AFC52004C54F7 /* pagemap.c in Sources */,
				46A5E648246A5EBD00159AA0 /* Extensions.swift in Sources */,
				46B93027246AE7E4004C54F7 /* ponyrt.c in Sources */,
				46DD01DA24687871000A926A /* Actor.swift in Sources */,
				46B93023246AE7B4004C54F7 /* scheduler.c in Sources */,
			);
			runOnlyForDeploymentPostprocessing = 0;
		};
		46C171FE24687811004242E1 /* Sources */ = {
			isa = PBXSourcesBuildPhase;
			buildActionMask = 2147483647;
			files = (
				46530F122469A1330046BAC5 /* Counter.swift in Sources */,
				46530F172469B32B0046BAC5 /* Flowable.swift in Sources */,
				46C1720824687811004242E1 /* FlynnTests.swift in Sources */,
				46530F132469A1330046BAC5 /* StringBuilder.swift in Sources */,
				46B93070246B9DDD004C54F7 /* PonyRTTests.swift in Sources */,
			);
			runOnlyForDeploymentPostprocessing = 0;
		};
/* End PBXSourcesBuildPhase section */

/* Begin PBXTargetDependency section */
		4622966A246DF19900A3ED6D /* PBXTargetDependency */ = {
			isa = PBXTargetDependency;
			target = 4622965E246DF19800A3ED6D /* Flynn-iOS */;
			targetProxy = 46229669246DF19900A3ED6D /* PBXContainerItemProxy */;
		};
		4628104D24759D1D009F04B3 /* PBXTargetDependency */ = {
			isa = PBXTargetDependency;
			target = 4622965E246DF19800A3ED6D /* Flynn-iOS */;
			targetProxy = 4628104C24759D1D009F04B3 /* PBXContainerItemProxy */;
		};
		4628104F24759D1D009F04B3 /* PBXTargetDependency */ = {
			isa = PBXTargetDependency;
			target = 46C171F824687811004242E1 /* Flynn-macOS */;
			targetProxy = 4628104E24759D1D009F04B3 /* PBXContainerItemProxy */;
		};
		46324AD0247175CB00377BA6 /* PBXTargetDependency */ = {
			isa = PBXTargetDependency;
			target = 46324ABA247175BD00377BA6 /* TestHost */;
			targetProxy = 46324ACF247175CB00377BA6 /* PBXContainerItemProxy */;
		};
		46324AD5247176AB00377BA6 /* PBXTargetDependency */ = {
			isa = PBXTargetDependency;
			target = 4622965E246DF19800A3ED6D /* Flynn-iOS */;
			targetProxy = 46324AD4247176AB00377BA6 /* PBXContainerItemProxy */;
		};
		46C1720524687811004242E1 /* PBXTargetDependency */ = {
			isa = PBXTargetDependency;
			target = 46C171F824687811004242E1 /* Flynn-macOS */;
			targetProxy = 46C1720424687811004242E1 /* PBXContainerItemProxy */;
		};
/* End PBXTargetDependency section */

/* Begin PBXVariantGroup section */
		46324AC8247175BE00377BA6 /* LaunchScreen.storyboard */ = {
			isa = PBXVariantGroup;
			children = (
				46324AC9247175BE00377BA6 /* Base */,
			);
			name = LaunchScreen.storyboard;
			sourceTree = "<group>";
		};
/* End PBXVariantGroup section */

/* Begin XCBuildConfiguration section */
		46229670246DF19900A3ED6D /* Debug */ = {
			isa = XCBuildConfiguration;
			buildSettings = {
				CODE_SIGN_STYLE = Automatic;
				DEBUG_INFORMATION_FORMAT = "dwarf-with-dsym";
				DEFINES_MODULE = YES;
				DEVELOPMENT_TEAM = A3LA43YQN5;
				DYLIB_COMPATIBILITY_VERSION = 1;
				DYLIB_CURRENT_VERSION = 1;
				DYLIB_INSTALL_NAME_BASE = "@rpath";
				INFOPLIST_FILE = "Flynn-iOS/Info.plist";
				INSTALL_PATH = "$(LOCAL_LIBRARY_DIR)/Frameworks";
				IPHONEOS_DEPLOYMENT_TARGET = 12.0;
				LD_RUNPATH_SEARCH_PATHS = (
					"$(inherited)",
					"@executable_path/Frameworks",
					"@loader_path/Frameworks",
				);
				MODULEMAP_FILE = "${SRCROOT}/PonySwift.modulemap";
				PRODUCT_BUNDLE_IDENTIFIER = "com.chimerasw.Flynn-iOS";
				PRODUCT_NAME = "${PROJECT_NAME}";
				SDKROOT = iphoneos;
				SKIP_INSTALL = YES;
				SUPPORTS_MACCATALYST = NO;
				SWIFT_VERSION = 5.0;
				TARGETED_DEVICE_FAMILY = "1,2";
			};
			name = Debug;
		};
		46229671246DF19900A3ED6D /* Release */ = {
			isa = XCBuildConfiguration;
			buildSettings = {
				CODE_SIGN_STYLE = Automatic;
				DEFINES_MODULE = YES;
				DEVELOPMENT_TEAM = A3LA43YQN5;
				DYLIB_COMPATIBILITY_VERSION = 1;
				DYLIB_CURRENT_VERSION = 1;
				DYLIB_INSTALL_NAME_BASE = "@rpath";
				INFOPLIST_FILE = "Flynn-iOS/Info.plist";
				INSTALL_PATH = "$(LOCAL_LIBRARY_DIR)/Frameworks";
				IPHONEOS_DEPLOYMENT_TARGET = 12.0;
				LD_RUNPATH_SEARCH_PATHS = (
					"$(inherited)",
					"@executable_path/Frameworks",
					"@loader_path/Frameworks",
				);
				MODULEMAP_FILE = "${SRCROOT}/PonySwift.modulemap";
				PRODUCT_BUNDLE_IDENTIFIER = "com.chimerasw.Flynn-iOS";
				PRODUCT_NAME = "${PROJECT_NAME}";
				SDKROOT = iphoneos;
				SKIP_INSTALL = YES;
				SUPPORTS_MACCATALYST = NO;
				SWIFT_VERSION = 5.0;
				TARGETED_DEVICE_FAMILY = "1,2";
				VALIDATE_PRODUCT = YES;
			};
			name = Release;
		};
		46229672246DF19900A3ED6D /* Debug */ = {
			isa = XCBuildConfiguration;
			buildSettings = {
				ALWAYS_EMBED_SWIFT_STANDARD_LIBRARIES = YES;
				CODE_SIGN_STYLE = Automatic;
				DEBUG_INFORMATION_FORMAT = "dwarf-with-dsym";
				DEVELOPMENT_TEAM = A3LA43YQN5;
				INFOPLIST_FILE = FlynnTests/Info.plist;
				IPHONEOS_DEPLOYMENT_TARGET = 13.2;
				LD_RUNPATH_SEARCH_PATHS = (
					"$(inherited)",
					"@executable_path/Frameworks",
					"@loader_path/Frameworks",
				);
				PRODUCT_BUNDLE_IDENTIFIER = "com.chimerasw.Flynn-iOSTests";
				PRODUCT_NAME = "$(TARGET_NAME)";
				SDKROOT = iphoneos;
				SUPPORTS_MACCATALYST = NO;
				SWIFT_VERSION = 5.0;
				TARGETED_DEVICE_FAMILY = "1,2";
				TEST_HOST = "$(BUILT_PRODUCTS_DIR)/TestHost.app/TestHost";
			};
			name = Debug;
		};
		46229673246DF19900A3ED6D /* Release */ = {
			isa = XCBuildConfiguration;
			buildSettings = {
				ALWAYS_EMBED_SWIFT_STANDARD_LIBRARIES = YES;
				CODE_SIGN_STYLE = Automatic;
				DEVELOPMENT_TEAM = A3LA43YQN5;
				INFOPLIST_FILE = FlynnTests/Info.plist;
				IPHONEOS_DEPLOYMENT_TARGET = 13.2;
				LD_RUNPATH_SEARCH_PATHS = (
					"$(inherited)",
					"@executable_path/Frameworks",
					"@loader_path/Frameworks",
				);
				PRODUCT_BUNDLE_IDENTIFIER = "com.chimerasw.Flynn-iOSTests";
				PRODUCT_NAME = "$(TARGET_NAME)";
				SDKROOT = iphoneos;
				SUPPORTS_MACCATALYST = NO;
				SWIFT_VERSION = 5.0;
				TARGETED_DEVICE_FAMILY = "1,2";
				TEST_HOST = "$(BUILT_PRODUCTS_DIR)/TestHost.app/TestHost";
				VALIDATE_PRODUCT = YES;
			};
			name = Release;
		};
		4628104824759D0A009F04B3 /* Debug */ = {
			isa = XCBuildConfiguration;
			buildSettings = {
				CODE_SIGN_STYLE = Automatic;
				DEVELOPMENT_TEAM = A3LA43YQN5;
				PRODUCT_NAME = "$(TARGET_NAME)";
			};
			name = Debug;
		};
		4628104924759D0A009F04B3 /* Release */ = {
			isa = XCBuildConfiguration;
			buildSettings = {
				CODE_SIGN_STYLE = Automatic;
				DEVELOPMENT_TEAM = A3LA43YQN5;
				PRODUCT_NAME = "$(TARGET_NAME)";
			};
			name = Release;
		};
		46324ACD247175BE00377BA6 /* Debug */ = {
			isa = XCBuildConfiguration;
			buildSettings = {
				ASSETCATALOG_COMPILER_APPICON_NAME = AppIcon;
				CODE_SIGN_STYLE = Automatic;
				DEBUG_INFORMATION_FORMAT = "dwarf-with-dsym";
				DEVELOPMENT_ASSET_PATHS = "\"TestHost/Preview Content\"";
				DEVELOPMENT_TEAM = A3LA43YQN5;
				ENABLE_PREVIEWS = YES;
				INFOPLIST_FILE = TestHost/Info.plist;
				IPHONEOS_DEPLOYMENT_TARGET = 12.0;
				LD_RUNPATH_SEARCH_PATHS = (
					"$(inherited)",
					"@executable_path/Frameworks",
				);
				PRODUCT_BUNDLE_IDENTIFIER = com.chimerasw.TestHost;
				PRODUCT_NAME = "$(TARGET_NAME)";
				SDKROOT = iphoneos;
				SWIFT_VERSION = 5.0;
				TARGETED_DEVICE_FAMILY = "1,2";
			};
			name = Debug;
		};
		46324ACE247175BE00377BA6 /* Release */ = {
			isa = XCBuildConfiguration;
			buildSettings = {
				ASSETCATALOG_COMPILER_APPICON_NAME = AppIcon;
				CODE_SIGN_STYLE = Automatic;
				DEVELOPMENT_ASSET_PATHS = "\"TestHost/Preview Content\"";
				DEVELOPMENT_TEAM = A3LA43YQN5;
				ENABLE_PREVIEWS = YES;
				INFOPLIST_FILE = TestHost/Info.plist;
				IPHONEOS_DEPLOYMENT_TARGET = 12.0;
				LD_RUNPATH_SEARCH_PATHS = (
					"$(inherited)",
					"@executable_path/Frameworks",
				);
				PRODUCT_BUNDLE_IDENTIFIER = com.chimerasw.TestHost;
				PRODUCT_NAME = "$(TARGET_NAME)";
				SDKROOT = iphoneos;
				SWIFT_VERSION = 5.0;
				TARGETED_DEVICE_FAMILY = "1,2";
				VALIDATE_PRODUCT = YES;
			};
			name = Release;
		};
		46C1720B24687811004242E1 /* Debug */ = {
			isa = XCBuildConfiguration;
			buildSettings = {
				ALWAYS_SEARCH_USER_PATHS = NO;
				CLANG_ANALYZER_NONNULL = YES;
				CLANG_ANALYZER_NUMBER_OBJECT_CONVERSION = YES_AGGRESSIVE;
				CLANG_CXX_LANGUAGE_STANDARD = "gnu++14";
				CLANG_CXX_LIBRARY = "libc++";
				CLANG_ENABLE_MODULES = YES;
				CLANG_ENABLE_OBJC_ARC = YES;
				CLANG_ENABLE_OBJC_WEAK = YES;
				CLANG_WARN_BLOCK_CAPTURE_AUTORELEASING = YES;
				CLANG_WARN_BOOL_CONVERSION = YES;
				CLANG_WARN_COMMA = YES;
				CLANG_WARN_CONSTANT_CONVERSION = YES;
				CLANG_WARN_DEPRECATED_OBJC_IMPLEMENTATIONS = YES;
				CLANG_WARN_DIRECT_OBJC_ISA_USAGE = YES_ERROR;
				CLANG_WARN_DOCUMENTATION_COMMENTS = YES;
				CLANG_WARN_EMPTY_BODY = YES;
				CLANG_WARN_ENUM_CONVERSION = YES;
				CLANG_WARN_INFINITE_RECURSION = YES;
				CLANG_WARN_INT_CONVERSION = YES;
				CLANG_WARN_NON_LITERAL_NULL_CONVERSION = YES;
				CLANG_WARN_OBJC_IMPLICIT_RETAIN_SELF = YES;
				CLANG_WARN_OBJC_LITERAL_CONVERSION = YES;
				CLANG_WARN_OBJC_ROOT_CLASS = YES_ERROR;
				CLANG_WARN_RANGE_LOOP_ANALYSIS = YES;
				CLANG_WARN_STRICT_PROTOTYPES = YES;
				CLANG_WARN_SUSPICIOUS_MOVE = YES;
				CLANG_WARN_UNGUARDED_AVAILABILITY = YES_AGGRESSIVE;
				CLANG_WARN_UNREACHABLE_CODE = YES;
				CLANG_WARN__DUPLICATE_METHOD_MATCH = YES;
				COPY_PHASE_STRIP = NO;
				CURRENT_PROJECT_VERSION = 1;
				DEBUG_INFORMATION_FORMAT = dwarf;
				ENABLE_STRICT_OBJC_MSGSEND = YES;
				ENABLE_TESTABILITY = YES;
				GCC_C_LANGUAGE_STANDARD = gnu11;
				GCC_DYNAMIC_NO_PIC = NO;
				GCC_NO_COMMON_BLOCKS = YES;
				GCC_OPTIMIZATION_LEVEL = 0;
				GCC_PREPROCESSOR_DEFINITIONS = (
					"DEBUG=1",
					"$(inherited)",
				);
				GCC_WARN_64_TO_32_BIT_CONVERSION = YES;
				GCC_WARN_ABOUT_RETURN_TYPE = YES_ERROR;
				GCC_WARN_UNDECLARED_SELECTOR = YES;
				GCC_WARN_UNINITIALIZED_AUTOS = YES_AGGRESSIVE;
				GCC_WARN_UNUSED_FUNCTION = YES;
				GCC_WARN_UNUSED_VARIABLE = YES;
				MACOSX_DEPLOYMENT_TARGET = 10.14;
				MTL_ENABLE_DEBUG_INFO = INCLUDE_SOURCE;
				MTL_FAST_MATH = YES;
				ONLY_ACTIVE_ARCH = YES;
				SDKROOT = macosx;
				SWIFT_ACTIVE_COMPILATION_CONDITIONS = DEBUG;
				SWIFT_OPTIMIZATION_LEVEL = "-Onone";
				VERSIONING_SYSTEM = "apple-generic";
				VERSION_INFO_PREFIX = "";
			};
			name = Debug;
		};
		46C1720C24687811004242E1 /* Release */ = {
			isa = XCBuildConfiguration;
			buildSettings = {
				ALWAYS_SEARCH_USER_PATHS = NO;
				CLANG_ANALYZER_NONNULL = YES;
				CLANG_ANALYZER_NUMBER_OBJECT_CONVERSION = YES_AGGRESSIVE;
				CLANG_CXX_LANGUAGE_STANDARD = "gnu++14";
				CLANG_CXX_LIBRARY = "libc++";
				CLANG_ENABLE_MODULES = YES;
				CLANG_ENABLE_OBJC_ARC = YES;
				CLANG_ENABLE_OBJC_WEAK = YES;
				CLANG_WARN_BLOCK_CAPTURE_AUTORELEASING = YES;
				CLANG_WARN_BOOL_CONVERSION = YES;
				CLANG_WARN_COMMA = YES;
				CLANG_WARN_CONSTANT_CONVERSION = YES;
				CLANG_WARN_DEPRECATED_OBJC_IMPLEMENTATIONS = YES;
				CLANG_WARN_DIRECT_OBJC_ISA_USAGE = YES_ERROR;
				CLANG_WARN_DOCUMENTATION_COMMENTS = YES;
				CLANG_WARN_EMPTY_BODY = YES;
				CLANG_WARN_ENUM_CONVERSION = YES;
				CLANG_WARN_INFINITE_RECURSION = YES;
				CLANG_WARN_INT_CONVERSION = YES;
				CLANG_WARN_NON_LITERAL_NULL_CONVERSION = YES;
				CLANG_WARN_OBJC_IMPLICIT_RETAIN_SELF = YES;
				CLANG_WARN_OBJC_LITERAL_CONVERSION = YES;
				CLANG_WARN_OBJC_ROOT_CLASS = YES_ERROR;
				CLANG_WARN_RANGE_LOOP_ANALYSIS = YES;
				CLANG_WARN_STRICT_PROTOTYPES = YES;
				CLANG_WARN_SUSPICIOUS_MOVE = YES;
				CLANG_WARN_UNGUARDED_AVAILABILITY = YES_AGGRESSIVE;
				CLANG_WARN_UNREACHABLE_CODE = YES;
				CLANG_WARN__DUPLICATE_METHOD_MATCH = YES;
				COPY_PHASE_STRIP = NO;
				CURRENT_PROJECT_VERSION = 1;
				DEBUG_INFORMATION_FORMAT = "dwarf-with-dsym";
				ENABLE_NS_ASSERTIONS = NO;
				ENABLE_STRICT_OBJC_MSGSEND = YES;
				GCC_C_LANGUAGE_STANDARD = gnu11;
				GCC_NO_COMMON_BLOCKS = YES;
				GCC_WARN_64_TO_32_BIT_CONVERSION = YES;
				GCC_WARN_ABOUT_RETURN_TYPE = YES_ERROR;
				GCC_WARN_UNDECLARED_SELECTOR = YES;
				GCC_WARN_UNINITIALIZED_AUTOS = YES_AGGRESSIVE;
				GCC_WARN_UNUSED_FUNCTION = YES;
				GCC_WARN_UNUSED_VARIABLE = YES;
				MACOSX_DEPLOYMENT_TARGET = 10.14;
				MTL_ENABLE_DEBUG_INFO = NO;
				MTL_FAST_MATH = YES;
				SDKROOT = macosx;
				SWIFT_COMPILATION_MODE = wholemodule;
				SWIFT_OPTIMIZATION_LEVEL = "-O";
				VERSIONING_SYSTEM = "apple-generic";
				VERSION_INFO_PREFIX = "";
			};
			name = Release;
		};
		46C1720E24687811004242E1 /* Debug */ = {
			isa = XCBuildConfiguration;
			buildSettings = {
				CLANG_ENABLE_MODULES = YES;
				CODE_SIGN_STYLE = Automatic;
				COMBINE_HIDPI_IMAGES = YES;
				DEBUG_INFORMATION_FORMAT = "dwarf-with-dsym";
				DEFINES_MODULE = YES;
				DEVELOPMENT_TEAM = A3LA43YQN5;
				DYLIB_COMPATIBILITY_VERSION = 1;
				DYLIB_CURRENT_VERSION = 1;
				DYLIB_INSTALL_NAME_BASE = "@rpath";
				INFOPLIST_FILE = "Flynn-macOS/Info.plist";
				INSTALL_PATH = "$(LOCAL_LIBRARY_DIR)/Frameworks";
				LD_RUNPATH_SEARCH_PATHS = (
					"$(inherited)",
					"@executable_path/../Frameworks",
					"@loader_path/Frameworks",
				);
				MACOSX_DEPLOYMENT_TARGET = 10.12;
				MODULEMAP_FILE = "${SRCROOT}/PonySwift.modulemap";
				PRODUCT_BUNDLE_IDENTIFIER = com.chimerasw.Flynn;
				PRODUCT_NAME = "${PROJECT_NAME}";
				SKIP_INSTALL = YES;
				SWIFT_OPTIMIZATION_LEVEL = "-Onone";
				SWIFT_VERSION = 5.0;
			};
			name = Debug;
		};
		46C1720F24687811004242E1 /* Release */ = {
			isa = XCBuildConfiguration;
			buildSettings = {
				CLANG_ENABLE_MODULES = YES;
				CODE_SIGN_STYLE = Automatic;
				COMBINE_HIDPI_IMAGES = YES;
				DEFINES_MODULE = YES;
				DEVELOPMENT_TEAM = A3LA43YQN5;
				DYLIB_COMPATIBILITY_VERSION = 1;
				DYLIB_CURRENT_VERSION = 1;
				DYLIB_INSTALL_NAME_BASE = "@rpath";
				INFOPLIST_FILE = "Flynn-macOS/Info.plist";
				INSTALL_PATH = "$(LOCAL_LIBRARY_DIR)/Frameworks";
				LD_RUNPATH_SEARCH_PATHS = (
					"$(inherited)",
					"@executable_path/../Frameworks",
					"@loader_path/Frameworks",
				);
				MACOSX_DEPLOYMENT_TARGET = 10.12;
				MODULEMAP_FILE = "${SRCROOT}/PonySwift.modulemap";
				PRODUCT_BUNDLE_IDENTIFIER = com.chimerasw.Flynn;
				PRODUCT_NAME = "${PROJECT_NAME}";
				SKIP_INSTALL = YES;
				SWIFT_VERSION = 5.0;
			};
			name = Release;
		};
		46C1721124687811004242E1 /* Debug */ = {
			isa = XCBuildConfiguration;
			buildSettings = {
				ALWAYS_EMBED_SWIFT_STANDARD_LIBRARIES = YES;
				CODE_SIGN_STYLE = Automatic;
				COMBINE_HIDPI_IMAGES = YES;
				DEBUG_INFORMATION_FORMAT = "dwarf-with-dsym";
				DEVELOPMENT_TEAM = A3LA43YQN5;
				INFOPLIST_FILE = FlynnTests/Info.plist;
				LD_RUNPATH_SEARCH_PATHS = (
					"$(inherited)",
					"@executable_path/../Frameworks",
					"@loader_path/../Frameworks",
				);
				PRODUCT_BUNDLE_IDENTIFIER = com.chimerasw.FlynnTests;
				PRODUCT_NAME = "$(TARGET_NAME)";
				SWIFT_VERSION = 5.0;
			};
			name = Debug;
		};
		46C1721224687811004242E1 /* Release */ = {
			isa = XCBuildConfiguration;
			buildSettings = {
				ALWAYS_EMBED_SWIFT_STANDARD_LIBRARIES = YES;
				CODE_SIGN_STYLE = Automatic;
				COMBINE_HIDPI_IMAGES = YES;
				DEVELOPMENT_TEAM = A3LA43YQN5;
				INFOPLIST_FILE = FlynnTests/Info.plist;
				LD_RUNPATH_SEARCH_PATHS = (
					"$(inherited)",
					"@executable_path/../Frameworks",
					"@loader_path/../Frameworks",
				);
				PRODUCT_BUNDLE_IDENTIFIER = com.chimerasw.FlynnTests;
				PRODUCT_NAME = "$(TARGET_NAME)";
				SWIFT_VERSION = 5.0;
			};
			name = Release;
		};
/* End XCBuildConfiguration section */

/* Begin XCConfigurationList section */
		46229674246DF19900A3ED6D /* Build configuration list for PBXNativeTarget "Flynn-iOS" */ = {
			isa = XCConfigurationList;
			buildConfigurations = (
				46229670246DF19900A3ED6D /* Debug */,
				46229671246DF19900A3ED6D /* Release */,
			);
			defaultConfigurationIsVisible = 0;
			defaultConfigurationName = Release;
		};
		46229675246DF19900A3ED6D /* Build configuration list for PBXNativeTarget "Flynn-iOSTests" */ = {
			isa = XCConfigurationList;
			buildConfigurations = (
				46229672246DF19900A3ED6D /* Debug */,
				46229673246DF19900A3ED6D /* Release */,
			);
			defaultConfigurationIsVisible = 0;
			defaultConfigurationName = Release;
		};
		4628104A24759D0A009F04B3 /* Build configuration list for PBXAggregateTarget "Flynn" */ = {
			isa = XCConfigurationList;
			buildConfigurations = (
				4628104824759D0A009F04B3 /* Debug */,
				4628104924759D0A009F04B3 /* Release */,
			);
			defaultConfigurationIsVisible = 0;
			defaultConfigurationName = Release;
		};
		46324ACC247175BE00377BA6 /* Build configuration list for PBXNativeTarget "TestHost" */ = {
			isa = XCConfigurationList;
			buildConfigurations = (
				46324ACD247175BE00377BA6 /* Debug */,
				46324ACE247175BE00377BA6 /* Release */,
			);
			defaultConfigurationIsVisible = 0;
			defaultConfigurationName = Release;
		};
		46C171F324687811004242E1 /* Build configuration list for PBXProject "Flynn" */ = {
			isa = XCConfigurationList;
			buildConfigurations = (
				46C1720B24687811004242E1 /* Debug */,
				46C1720C24687811004242E1 /* Release */,
			);
			defaultConfigurationIsVisible = 0;
			defaultConfigurationName = Release;
		};
		46C1720D24687811004242E1 /* Build configuration list for PBXNativeTarget "Flynn-macOS" */ = {
			isa = XCConfigurationList;
			buildConfigurations = (
				46C1720E24687811004242E1 /* Debug */,
				46C1720F24687811004242E1 /* Release */,
			);
			defaultConfigurationIsVisible = 0;
			defaultConfigurationName = Release;
		};
		46C1721024687811004242E1 /* Build configuration list for PBXNativeTarget "Flynn-macOSTests" */ = {
			isa = XCConfigurationList;
			buildConfigurations = (
				46C1721124687811004242E1 /* Debug */,
				46C1721224687811004242E1 /* Release */,
			);
			defaultConfigurationIsVisible = 0;
			defaultConfigurationName = Release;
		};
/* End XCConfigurationList section */
	};
	rootObject = 46C171F024687811004242E1 /* Project object */;
}
