// !$*UTF8*$!
{
	archiveVersion = 1;
	classes = {
	};
	objectVersion = 46;
	objects = {

/* Begin PBXAggregateTarget section */
		"Flynn::FlynnPackageTests::ProductTarget" /* FlynnPackageTests */ = {
			isa = PBXAggregateTarget;
			buildConfigurationList = OBJ_86 /* Build configuration list for PBXAggregateTarget "FlynnPackageTests" */;
			buildPhases = (
			);
			dependencies = (
				OBJ_89 /* PBXTargetDependency */,
			);
			name = FlynnPackageTests;
			productName = FlynnPackageTests;
		};
/* End PBXAggregateTarget section */

/* Begin PBXBuildFile section */
		OBJ_100 /* Flowable.swift in Sources */ = {isa = PBXBuildFile; fileRef = OBJ_50 /* Flowable.swift */; };
		OBJ_101 /* Image.swift in Sources */ = {isa = PBXBuildFile; fileRef = OBJ_51 /* Image.swift */; };
		OBJ_102 /* PassToMe.swift in Sources */ = {isa = PBXBuildFile; fileRef = OBJ_52 /* PassToMe.swift */; };
		OBJ_103 /* StringBuilder.swift in Sources */ = {isa = PBXBuildFile; fileRef = OBJ_53 /* StringBuilder.swift */; };
		OBJ_104 /* View.swift in Sources */ = {isa = PBXBuildFile; fileRef = OBJ_54 /* View.swift */; };
		OBJ_106 /* Flynn.framework in Frameworks */ = {isa = PBXBuildFile; fileRef = "Flynn::Flynn::Product" /* Flynn.framework */; };
		OBJ_107 /* Pony.framework in Frameworks */ = {isa = PBXBuildFile; fileRef = "Flynn::Pony::Product" /* Pony.framework */; };
		OBJ_114 /* actor.c in Sources */ = {isa = PBXBuildFile; fileRef = OBJ_27 /* actor.c */; };
		OBJ_115 /* alloc.c in Sources */ = {isa = PBXBuildFile; fileRef = OBJ_28 /* alloc.c */; };
		OBJ_116 /* cpu_apple.c in Sources */ = {isa = PBXBuildFile; fileRef = OBJ_29 /* cpu_apple.c */; };
		OBJ_117 /* cpu_linux.c in Sources */ = {isa = PBXBuildFile; fileRef = OBJ_30 /* cpu_linux.c */; };
		OBJ_118 /* messageq.c in Sources */ = {isa = PBXBuildFile; fileRef = OBJ_31 /* messageq.c */; };
		OBJ_119 /* mpmcq.c in Sources */ = {isa = PBXBuildFile; fileRef = OBJ_32 /* mpmcq.c */; };
		OBJ_120 /* pagemap.c in Sources */ = {isa = PBXBuildFile; fileRef = OBJ_33 /* pagemap.c */; };
		OBJ_121 /* ponyrt.m in Sources */ = {isa = PBXBuildFile; fileRef = OBJ_34 /* ponyrt.m */; };
		OBJ_122 /* pool.c in Sources */ = {isa = PBXBuildFile; fileRef = OBJ_35 /* pool.c */; };
		OBJ_123 /* scheduler.c in Sources */ = {isa = PBXBuildFile; fileRef = OBJ_36 /* scheduler.c */; };
		OBJ_124 /* threads.m in Sources */ = {isa = PBXBuildFile; fileRef = OBJ_37 /* threads.m */; };
		OBJ_70 /* Actor.swift in Sources */ = {isa = PBXBuildFile; fileRef = OBJ_10 /* Actor.swift */; };
		OBJ_71 /* Behavior.swift in Sources */ = {isa = PBXBuildFile; fileRef = OBJ_11 /* Behavior.swift */; };
		OBJ_72 /* Extensions.swift in Sources */ = {isa = PBXBuildFile; fileRef = OBJ_12 /* Extensions.swift */; };
		OBJ_73 /* Flowable.swift in Sources */ = {isa = PBXBuildFile; fileRef = OBJ_13 /* Flowable.swift */; };
		OBJ_74 /* Flynn.swift in Sources */ = {isa = PBXBuildFile; fileRef = OBJ_14 /* Flynn.swift */; };
		OBJ_76 /* Pony.framework in Frameworks */ = {isa = PBXBuildFile; fileRef = "Flynn::Pony::Product" /* Pony.framework */; };
		OBJ_84 /* Package.swift in Sources */ = {isa = PBXBuildFile; fileRef = OBJ_6 /* Package.swift */; };
		OBJ_95 /* BadFlynnTests.swift in Sources */ = {isa = PBXBuildFile; fileRef = OBJ_44 /* BadFlynnTests.swift */; };
		OBJ_96 /* FlynnTests.swift in Sources */ = {isa = PBXBuildFile; fileRef = OBJ_45 /* FlynnTests.swift */; };
		OBJ_97 /* PonyRTTests.swift in Sources */ = {isa = PBXBuildFile; fileRef = OBJ_46 /* PonyRTTests.swift */; };
		OBJ_98 /* Color.swift in Sources */ = {isa = PBXBuildFile; fileRef = OBJ_48 /* Color.swift */; };
		OBJ_99 /* Counter.swift in Sources */ = {isa = PBXBuildFile; fileRef = OBJ_49 /* Counter.swift */; };
/* End PBXBuildFile section */

/* Begin PBXContainerItemProxy section */
		463D481524AA3C1300DB5F1B /* PBXContainerItemProxy */ = {
			isa = PBXContainerItemProxy;
			containerPortal = OBJ_1 /* Project object */;
			proxyType = 1;
			remoteGlobalIDString = "Flynn::Pony";
			remoteInfo = Pony;
		};
		463D481624AA3C1400DB5F1B /* PBXContainerItemProxy */ = {
			isa = PBXContainerItemProxy;
			containerPortal = OBJ_1 /* Project object */;
			proxyType = 1;
			remoteGlobalIDString = "Flynn::Flynn";
			remoteInfo = Flynn;
		};
		463D481724AA3C1400DB5F1B /* PBXContainerItemProxy */ = {
			isa = PBXContainerItemProxy;
			containerPortal = OBJ_1 /* Project object */;
			proxyType = 1;
			remoteGlobalIDString = "Flynn::Pony";
			remoteInfo = Pony;
		};
		463D481824AA3C1500DB5F1B /* PBXContainerItemProxy */ = {
			isa = PBXContainerItemProxy;
			containerPortal = OBJ_1 /* Project object */;
			proxyType = 1;
			remoteGlobalIDString = "Flynn::FlynnTests";
			remoteInfo = FlynnTests;
		};
/* End PBXContainerItemProxy section */

/* Begin PBXFileReference section */
		"Flynn::Flynn::Product" /* Flynn.framework */ = {isa = PBXFileReference; lastKnownFileType = wrapper.framework; path = Flynn.framework; sourceTree = BUILT_PRODUCTS_DIR; };
		"Flynn::FlynnTests::Product" /* FlynnTests.xctest */ = {isa = PBXFileReference; lastKnownFileType = file; path = FlynnTests.xctest; sourceTree = BUILT_PRODUCTS_DIR; };
		"Flynn::Pony::Product" /* Pony.framework */ = {isa = PBXFileReference; lastKnownFileType = wrapper.framework; path = Pony.framework; sourceTree = BUILT_PRODUCTS_DIR; };
		OBJ_10 /* Actor.swift */ = {isa = PBXFileReference; lastKnownFileType = sourcecode.swift; path = Actor.swift; sourceTree = "<group>"; };
		OBJ_11 /* Behavior.swift */ = {isa = PBXFileReference; lastKnownFileType = sourcecode.swift; path = Behavior.swift; sourceTree = "<group>"; };
		OBJ_12 /* Extensions.swift */ = {isa = PBXFileReference; lastKnownFileType = sourcecode.swift; path = Extensions.swift; sourceTree = "<group>"; };
		OBJ_13 /* Flowable.swift */ = {isa = PBXFileReference; lastKnownFileType = sourcecode.swift; path = Flowable.swift; sourceTree = "<group>"; };
		OBJ_14 /* Flynn.swift */ = {isa = PBXFileReference; lastKnownFileType = sourcecode.swift; path = Flynn.swift; sourceTree = "<group>"; };
		OBJ_16 /* mpmcq.h */ = {isa = PBXFileReference; lastKnownFileType = sourcecode.c.h; path = mpmcq.h; sourceTree = "<group>"; };
		OBJ_17 /* actor.h */ = {isa = PBXFileReference; lastKnownFileType = sourcecode.c.h; path = actor.h; sourceTree = "<group>"; };
		OBJ_18 /* pool.h */ = {isa = PBXFileReference; lastKnownFileType = sourcecode.c.h; path = pool.h; sourceTree = "<group>"; };
		OBJ_19 /* atomics.h */ = {isa = PBXFileReference; lastKnownFileType = sourcecode.c.h; path = atomics.h; sourceTree = "<group>"; };
		OBJ_20 /* messageq.h */ = {isa = PBXFileReference; lastKnownFileType = sourcecode.c.h; path = messageq.h; sourceTree = "<group>"; };
		OBJ_21 /* threads.h */ = {isa = PBXFileReference; lastKnownFileType = sourcecode.c.h; path = threads.h; sourceTree = "<group>"; };
		OBJ_22 /* scheduler.h */ = {isa = PBXFileReference; lastKnownFileType = sourcecode.c.h; path = scheduler.h; sourceTree = "<group>"; };
		OBJ_23 /* ponyrt.h */ = {isa = PBXFileReference; lastKnownFileType = sourcecode.c.h; path = ponyrt.h; sourceTree = "<group>"; };
		OBJ_24 /* alloc.h */ = {isa = PBXFileReference; lastKnownFileType = sourcecode.c.h; path = alloc.h; sourceTree = "<group>"; };
		OBJ_25 /* cpu.h */ = {isa = PBXFileReference; lastKnownFileType = sourcecode.c.h; path = cpu.h; sourceTree = "<group>"; };
		OBJ_26 /* pagemap.h */ = {isa = PBXFileReference; lastKnownFileType = sourcecode.c.h; path = pagemap.h; sourceTree = "<group>"; };
		OBJ_27 /* actor.c */ = {isa = PBXFileReference; lastKnownFileType = sourcecode.c.c; path = actor.c; sourceTree = "<group>"; };
		OBJ_28 /* alloc.c */ = {isa = PBXFileReference; lastKnownFileType = sourcecode.c.c; path = alloc.c; sourceTree = "<group>"; };
		OBJ_29 /* cpu_apple.c */ = {isa = PBXFileReference; lastKnownFileType = sourcecode.c.c; path = cpu_apple.c; sourceTree = "<group>"; };
		OBJ_30 /* cpu_linux.c */ = {isa = PBXFileReference; lastKnownFileType = sourcecode.c.c; path = cpu_linux.c; sourceTree = "<group>"; };
		OBJ_31 /* messageq.c */ = {isa = PBXFileReference; lastKnownFileType = sourcecode.c.c; path = messageq.c; sourceTree = "<group>"; };
		OBJ_32 /* mpmcq.c */ = {isa = PBXFileReference; lastKnownFileType = sourcecode.c.c; path = mpmcq.c; sourceTree = "<group>"; };
		OBJ_33 /* pagemap.c */ = {isa = PBXFileReference; lastKnownFileType = sourcecode.c.c; path = pagemap.c; sourceTree = "<group>"; };
		OBJ_34 /* ponyrt.m */ = {isa = PBXFileReference; lastKnownFileType = sourcecode.c.objc; path = ponyrt.m; sourceTree = "<group>"; };
		OBJ_35 /* pool.c */ = {isa = PBXFileReference; lastKnownFileType = sourcecode.c.c; path = pool.c; sourceTree = "<group>"; };
		OBJ_36 /* scheduler.c */ = {isa = PBXFileReference; lastKnownFileType = sourcecode.c.c; path = scheduler.c; sourceTree = "<group>"; };
		OBJ_37 /* threads.m */ = {isa = PBXFileReference; lastKnownFileType = sourcecode.c.objc; path = threads.m; sourceTree = "<group>"; };
		OBJ_39 /* pony.h */ = {isa = PBXFileReference; lastKnownFileType = sourcecode.c.h; path = pony.h; sourceTree = "<group>"; };
		OBJ_40 /* module.modulemap */ = {isa = PBXFileReference; lastKnownFileType = "sourcecode.module-map"; name = module.modulemap; path = /home/rjbowli/Development/flynn/Flynn.xcodeproj/GeneratedModuleMap/Pony/module.modulemap; sourceTree = "<group>"; };
		OBJ_43 /* Info.plist */ = {isa = PBXFileReference; lastKnownFileType = text.plist.xml; path = Info.plist; sourceTree = "<group>"; };
		OBJ_44 /* BadFlynnTests.swift */ = {isa = PBXFileReference; lastKnownFileType = sourcecode.swift; path = BadFlynnTests.swift; sourceTree = "<group>"; };
		OBJ_45 /* FlynnTests.swift */ = {isa = PBXFileReference; lastKnownFileType = sourcecode.swift; path = FlynnTests.swift; sourceTree = "<group>"; };
		OBJ_46 /* PonyRTTests.swift */ = {isa = PBXFileReference; lastKnownFileType = sourcecode.swift; path = PonyRTTests.swift; sourceTree = "<group>"; };
		OBJ_48 /* Color.swift */ = {isa = PBXFileReference; lastKnownFileType = sourcecode.swift; path = Color.swift; sourceTree = "<group>"; };
		OBJ_49 /* Counter.swift */ = {isa = PBXFileReference; lastKnownFileType = sourcecode.swift; path = Counter.swift; sourceTree = "<group>"; };
		OBJ_50 /* Flowable.swift */ = {isa = PBXFileReference; lastKnownFileType = sourcecode.swift; path = Flowable.swift; sourceTree = "<group>"; };
		OBJ_51 /* Image.swift */ = {isa = PBXFileReference; lastKnownFileType = sourcecode.swift; path = Image.swift; sourceTree = "<group>"; };
		OBJ_52 /* PassToMe.swift */ = {isa = PBXFileReference; lastKnownFileType = sourcecode.swift; path = PassToMe.swift; sourceTree = "<group>"; };
		OBJ_53 /* StringBuilder.swift */ = {isa = PBXFileReference; lastKnownFileType = sourcecode.swift; path = StringBuilder.swift; sourceTree = "<group>"; };
		OBJ_54 /* View.swift */ = {isa = PBXFileReference; lastKnownFileType = sourcecode.swift; path = View.swift; sourceTree = "<group>"; };
		OBJ_59 /* TestHost */ = {isa = PBXFileReference; lastKnownFileType = folder; path = TestHost; sourceTree = SOURCE_ROOT; };
		OBJ_6 /* Package.swift */ = {isa = PBXFileReference; explicitFileType = sourcecode.swift; path = Package.swift; sourceTree = "<group>"; };
		OBJ_60 /* docs */ = {isa = PBXFileReference; lastKnownFileType = folder; path = docs; sourceTree = SOURCE_ROOT; };
		OBJ_61 /* meta */ = {isa = PBXFileReference; lastKnownFileType = folder; path = meta; sourceTree = SOURCE_ROOT; };
		OBJ_62 /* Examples */ = {isa = PBXFileReference; lastKnownFileType = folder; path = Examples; sourceTree = SOURCE_ROOT; };
		OBJ_63 /* README.md */ = {isa = PBXFileReference; lastKnownFileType = net.daringfireball.markdown; path = README.md; sourceTree = "<group>"; };
		OBJ_64 /* Makefile */ = {isa = PBXFileReference; lastKnownFileType = sourcecode.make; path = Makefile; sourceTree = "<group>"; };
		OBJ_9 /* Flynn.h */ = {isa = PBXFileReference; lastKnownFileType = sourcecode.c.h; path = Flynn.h; sourceTree = "<group>"; };
/* End PBXFileReference section */

/* Begin PBXFrameworksBuildPhase section */
		OBJ_105 /* Frameworks */ = {
			isa = PBXFrameworksBuildPhase;
			buildActionMask = 0;
			files = (
				OBJ_106 /* Flynn.framework in Frameworks */,
				OBJ_107 /* Pony.framework in Frameworks */,
			);
			runOnlyForDeploymentPostprocessing = 0;
		};
		OBJ_125 /* Frameworks */ = {
			isa = PBXFrameworksBuildPhase;
			buildActionMask = 0;
			files = (
			);
			runOnlyForDeploymentPostprocessing = 0;
		};
		OBJ_75 /* Frameworks */ = {
			isa = PBXFrameworksBuildPhase;
			buildActionMask = 0;
			files = (
				OBJ_76 /* Pony.framework in Frameworks */,
			);
			runOnlyForDeploymentPostprocessing = 0;
		};
/* End PBXFrameworksBuildPhase section */

/* Begin PBXGroup section */
		OBJ_15 /* Pony */ = {
			isa = PBXGroup;
			children = (
				OBJ_16 /* mpmcq.h */,
				OBJ_17 /* actor.h */,
				OBJ_18 /* pool.h */,
				OBJ_19 /* atomics.h */,
				OBJ_20 /* messageq.h */,
				OBJ_21 /* threads.h */,
				OBJ_22 /* scheduler.h */,
				OBJ_23 /* ponyrt.h */,
				OBJ_24 /* alloc.h */,
				OBJ_25 /* cpu.h */,
				OBJ_26 /* pagemap.h */,
				OBJ_27 /* actor.c */,
				OBJ_28 /* alloc.c */,
				OBJ_29 /* cpu_apple.c */,
				OBJ_30 /* cpu_linux.c */,
				OBJ_31 /* messageq.c */,
				OBJ_32 /* mpmcq.c */,
				OBJ_33 /* pagemap.c */,
				OBJ_34 /* ponyrt.m */,
				OBJ_35 /* pool.c */,
				OBJ_36 /* scheduler.c */,
				OBJ_37 /* threads.m */,
				OBJ_38 /* include */,
			);
			name = Pony;
			path = Sources/Pony;
			sourceTree = SOURCE_ROOT;
		};
		OBJ_38 /* include */ = {
			isa = PBXGroup;
			children = (
				OBJ_39 /* pony.h */,
				OBJ_40 /* module.modulemap */,
			);
			path = include;
			sourceTree = "<group>";
		};
		OBJ_41 /* Tests */ = {
			isa = PBXGroup;
			children = (
				OBJ_42 /* FlynnTests */,
			);
			name = Tests;
			sourceTree = SOURCE_ROOT;
		};
		OBJ_42 /* FlynnTests */ = {
			isa = PBXGroup;
			children = (
				OBJ_43 /* Info.plist */,
				OBJ_44 /* BadFlynnTests.swift */,
				OBJ_45 /* FlynnTests.swift */,
				OBJ_46 /* PonyRTTests.swift */,
				OBJ_47 /* Support Files */,
			);
			name = FlynnTests;
			path = Tests/FlynnTests;
			sourceTree = SOURCE_ROOT;
		};
		OBJ_47 /* Support Files */ = {
			isa = PBXGroup;
			children = (
				OBJ_48 /* Color.swift */,
				OBJ_49 /* Counter.swift */,
				OBJ_50 /* Flowable.swift */,
				OBJ_51 /* Image.swift */,
				OBJ_52 /* PassToMe.swift */,
				OBJ_53 /* StringBuilder.swift */,
				OBJ_54 /* View.swift */,
			);
			path = "Support Files";
			sourceTree = "<group>";
		};
		OBJ_5 /*  */ = {
			isa = PBXGroup;
			children = (
				OBJ_6 /* Package.swift */,
				OBJ_7 /* Sources */,
				OBJ_41 /* Tests */,
				OBJ_55 /* Products */,
				OBJ_59 /* TestHost */,
				OBJ_60 /* docs */,
				OBJ_61 /* meta */,
				OBJ_62 /* Examples */,
				OBJ_63 /* README.md */,
				OBJ_64 /* Makefile */,
			);
			name = "";
			sourceTree = "<group>";
		};
		OBJ_55 /* Products */ = {
			isa = PBXGroup;
			children = (
				"Flynn::Pony::Product" /* Pony.framework */,
				"Flynn::Flynn::Product" /* Flynn.framework */,
				"Flynn::FlynnTests::Product" /* FlynnTests.xctest */,
			);
			name = Products;
			sourceTree = BUILT_PRODUCTS_DIR;
		};
		OBJ_7 /* Sources */ = {
			isa = PBXGroup;
			children = (
				OBJ_8 /* Flynn */,
				OBJ_15 /* Pony */,
			);
			name = Sources;
			sourceTree = SOURCE_ROOT;
		};
		OBJ_8 /* Flynn */ = {
			isa = PBXGroup;
			children = (
				OBJ_9 /* Flynn.h */,
				OBJ_10 /* Actor.swift */,
				OBJ_11 /* Behavior.swift */,
				OBJ_12 /* Extensions.swift */,
				OBJ_13 /* Flowable.swift */,
				OBJ_14 /* Flynn.swift */,
			);
			name = Flynn;
			path = Sources/Flynn;
			sourceTree = SOURCE_ROOT;
		};
/* End PBXGroup section */

/* Begin PBXNativeTarget section */
		"Flynn::Flynn" /* Flynn */ = {
			isa = PBXNativeTarget;
			buildConfigurationList = OBJ_66 /* Build configuration list for PBXNativeTarget "Flynn" */;
			buildPhases = (
				463D481924AA3C2600DB5F1B /* FlynnLint */,
				463D481A24AA3C2700DB5F1B /* SwiftLint */,
				OBJ_69 /* Sources */,
				OBJ_75 /* Frameworks */,
			);
			buildRules = (
			);
			dependencies = (
				OBJ_77 /* PBXTargetDependency */,
			);
			name = Flynn;
			productName = Flynn;
			productReference = "Flynn::Flynn::Product" /* Flynn.framework */;
			productType = "com.apple.product-type.framework";
		};
		"Flynn::FlynnTests" /* FlynnTests */ = {
			isa = PBXNativeTarget;
			buildConfigurationList = OBJ_91 /* Build configuration list for PBXNativeTarget "FlynnTests" */;
			buildPhases = (
				OBJ_94 /* Sources */,
				OBJ_105 /* Frameworks */,
			);
			buildRules = (
			);
			dependencies = (
				OBJ_108 /* PBXTargetDependency */,
				OBJ_109 /* PBXTargetDependency */,
			);
			name = FlynnTests;
			productName = FlynnTests;
			productReference = "Flynn::FlynnTests::Product" /* FlynnTests.xctest */;
			productType = "com.apple.product-type.bundle.unit-test";
		};
		"Flynn::Pony" /* Pony */ = {
			isa = PBXNativeTarget;
			buildConfigurationList = OBJ_110 /* Build configuration list for PBXNativeTarget "Pony" */;
			buildPhases = (
				OBJ_113 /* Sources */,
				OBJ_125 /* Frameworks */,
			);
			buildRules = (
			);
			dependencies = (
			);
			name = Pony;
			productName = Pony;
			productReference = "Flynn::Pony::Product" /* Pony.framework */;
			productType = "com.apple.product-type.framework";
		};
		"Flynn::SwiftPMPackageDescription" /* FlynnPackageDescription */ = {
			isa = PBXNativeTarget;
			buildConfigurationList = OBJ_80 /* Build configuration list for PBXNativeTarget "FlynnPackageDescription" */;
			buildPhases = (
				OBJ_83 /* Sources */,
			);
			buildRules = (
			);
			dependencies = (
			);
			name = FlynnPackageDescription;
			productName = FlynnPackageDescription;
			productType = "com.apple.product-type.framework";
		};
/* End PBXNativeTarget section */

/* Begin PBXProject section */
		OBJ_1 /* Project object */ = {
			isa = PBXProject;
			attributes = {
				LastSwiftMigration = 9999;
				LastUpgradeCheck = 9999;
			};
			buildConfigurationList = OBJ_2 /* Build configuration list for PBXProject "Flynn" */;
			compatibilityVersion = "Xcode 3.2";
			developmentRegion = en;
			hasScannedForEncodings = 0;
			knownRegions = (
				en,
			);
			mainGroup = OBJ_5 /*  */;
			productRefGroup = OBJ_55 /* Products */;
			projectDirPath = "";
			projectRoot = "";
			targets = (
				"Flynn::Flynn" /* Flynn */,
				"Flynn::SwiftPMPackageDescription" /* FlynnPackageDescription */,
				"Flynn::FlynnPackageTests::ProductTarget" /* FlynnPackageTests */,
				"Flynn::FlynnTests" /* FlynnTests */,
				"Flynn::Pony" /* Pony */,
			);
		};
/* End PBXProject section */

/* Begin PBXShellScriptBuildPhase section */
		463D481924AA3C2600DB5F1B /* FlynnLint */ = {
			isa = PBXShellScriptBuildPhase;
			buildActionMask = 2147483647;
			files = (
			);
			inputFileListPaths = (
			);
			inputPaths = (
			);
			name = FlynnLint;
			outputFileListPaths = (
			);
			outputPaths = (
			);
			runOnlyForDeploymentPostprocessing = 0;
			shellPath = /bin/sh;
			shellScript = "if [ -f \"${SRCROOT}/meta/FlynnLint\" ]; then\n    ${SRCROOT}/meta/FlynnLint ${SRCROOT}/Sources ${SRCROOT}/Tests\nelse\n    echo \"warning: Unable to find FlynnLint, aborting...\"\nfi\n";
		};
		463D481A24AA3C2700DB5F1B /* SwiftLint */ = {
			isa = PBXShellScriptBuildPhase;
			buildActionMask = 2147483647;
			files = (
			);
			inputFileListPaths = (
			);
			inputPaths = (
			);
			name = SwiftLint;
			outputFileListPaths = (
			);
			outputPaths = (
			);
			runOnlyForDeploymentPostprocessing = 0;
			shellPath = /bin/sh;
			shellScript = "if which swiftlint >/dev/null; then\n  swiftlint autocorrect\n  swiftlint\nelse\n  echo \"warning: SwiftLint not installed, download from https://github.com/realm/SwiftLint\"\nfi\n";
		};
/* End PBXShellScriptBuildPhase section */

/* Begin PBXSourcesBuildPhase section */
		OBJ_113 /* Sources */ = {
			isa = PBXSourcesBuildPhase;
			buildActionMask = 0;
			files = (
				OBJ_114 /* actor.c in Sources */,
				OBJ_115 /* alloc.c in Sources */,
				OBJ_116 /* cpu_apple.c in Sources */,
				OBJ_117 /* cpu_linux.c in Sources */,
				OBJ_118 /* messageq.c in Sources */,
				OBJ_119 /* mpmcq.c in Sources */,
				OBJ_120 /* pagemap.c in Sources */,
				OBJ_121 /* ponyrt.m in Sources */,
				OBJ_122 /* pool.c in Sources */,
				OBJ_123 /* scheduler.c in Sources */,
				OBJ_124 /* threads.m in Sources */,
			);
			runOnlyForDeploymentPostprocessing = 0;
		};
		OBJ_69 /* Sources */ = {
			isa = PBXSourcesBuildPhase;
			buildActionMask = 0;
			files = (
				OBJ_70 /* Actor.swift in Sources */,
				OBJ_71 /* Behavior.swift in Sources */,
				OBJ_72 /* Extensions.swift in Sources */,
				OBJ_73 /* Flowable.swift in Sources */,
				OBJ_74 /* Flynn.swift in Sources */,
			);
			runOnlyForDeploymentPostprocessing = 0;
		};
		OBJ_83 /* Sources */ = {
			isa = PBXSourcesBuildPhase;
			buildActionMask = 0;
			files = (
				OBJ_84 /* Package.swift in Sources */,
			);
			runOnlyForDeploymentPostprocessing = 0;
		};
		OBJ_94 /* Sources */ = {
			isa = PBXSourcesBuildPhase;
			buildActionMask = 0;
			files = (
				OBJ_95 /* BadFlynnTests.swift in Sources */,
				OBJ_96 /* FlynnTests.swift in Sources */,
				OBJ_97 /* PonyRTTests.swift in Sources */,
				OBJ_98 /* Color.swift in Sources */,
				OBJ_99 /* Counter.swift in Sources */,
				OBJ_100 /* Flowable.swift in Sources */,
				OBJ_101 /* Image.swift in Sources */,
				OBJ_102 /* PassToMe.swift in Sources */,
				OBJ_103 /* StringBuilder.swift in Sources */,
				OBJ_104 /* View.swift in Sources */,
			);
			runOnlyForDeploymentPostprocessing = 0;
		};
/* End PBXSourcesBuildPhase section */

/* Begin PBXTargetDependency section */
		OBJ_108 /* PBXTargetDependency */ = {
			isa = PBXTargetDependency;
			target = "Flynn::Flynn" /* Flynn */;
			targetProxy = 463D481624AA3C1400DB5F1B /* PBXContainerItemProxy */;
		};
		OBJ_109 /* PBXTargetDependency */ = {
			isa = PBXTargetDependency;
			target = "Flynn::Pony" /* Pony */;
			targetProxy = 463D481724AA3C1400DB5F1B /* PBXContainerItemProxy */;
		};
		OBJ_77 /* PBXTargetDependency */ = {
			isa = PBXTargetDependency;
			target = "Flynn::Pony" /* Pony */;
			targetProxy = 463D481524AA3C1300DB5F1B /* PBXContainerItemProxy */;
		};
		OBJ_89 /* PBXTargetDependency */ = {
			isa = PBXTargetDependency;
			target = "Flynn::FlynnTests" /* FlynnTests */;
			targetProxy = 463D481824AA3C1500DB5F1B /* PBXContainerItemProxy */;
		};
/* End PBXTargetDependency section */

/* Begin XCBuildConfiguration section */
		OBJ_111 /* Debug */ = {
			isa = XCBuildConfiguration;
			buildSettings = {
				DEFINES_MODULE = NO;
				ENABLE_TESTABILITY = YES;
				FRAMEWORK_SEARCH_PATHS = (
					"$(inherited)",
					"$(PLATFORM_DIR)/Developer/Library/Frameworks",
				);
				HEADER_SEARCH_PATHS = (
					"$(inherited)",
					"$(SRCROOT)/Sources/Pony/include",
					Sources/PonyRT,
				);
				INFOPLIST_FILE = Flynn.xcodeproj/Pony_Info.plist;
				IPHONEOS_DEPLOYMENT_TARGET = 9.0;
				LD_RUNPATH_SEARCH_PATHS = "$(inherited) $(TOOLCHAIN_DIR)/usr/lib/swift/macosx";
				MACOSX_DEPLOYMENT_TARGET = 10.10;
				OTHER_CFLAGS = "$(inherited)";
				OTHER_LDFLAGS = "$(inherited)";
				OTHER_SWIFT_FLAGS = "$(inherited)";
				PRODUCT_BUNDLE_IDENTIFIER = Pony;
				PRODUCT_MODULE_NAME = "$(TARGET_NAME:c99extidentifier)";
				PRODUCT_NAME = "$(TARGET_NAME:c99extidentifier)";
				SKIP_INSTALL = YES;
				SWIFT_ACTIVE_COMPILATION_CONDITIONS = "$(inherited)";
				TARGET_NAME = Pony;
				TVOS_DEPLOYMENT_TARGET = 9.0;
				WATCHOS_DEPLOYMENT_TARGET = 2.0;
			};
			name = Debug;
		};
		OBJ_112 /* Release */ = {
			isa = XCBuildConfiguration;
			buildSettings = {
				DEFINES_MODULE = NO;
				ENABLE_TESTABILITY = YES;
				FRAMEWORK_SEARCH_PATHS = (
					"$(inherited)",
					"$(PLATFORM_DIR)/Developer/Library/Frameworks",
				);
				HEADER_SEARCH_PATHS = (
					"$(inherited)",
					"$(SRCROOT)/Sources/Pony/include",
					Sources/PonyRT,
				);
				INFOPLIST_FILE = Flynn.xcodeproj/Pony_Info.plist;
				IPHONEOS_DEPLOYMENT_TARGET = 9.0;
				LD_RUNPATH_SEARCH_PATHS = "$(inherited) $(TOOLCHAIN_DIR)/usr/lib/swift/macosx";
				MACOSX_DEPLOYMENT_TARGET = 10.10;
				OTHER_CFLAGS = "$(inherited)";
				OTHER_LDFLAGS = "$(inherited)";
				OTHER_SWIFT_FLAGS = "$(inherited)";
				PRODUCT_BUNDLE_IDENTIFIER = Pony;
				PRODUCT_MODULE_NAME = "$(TARGET_NAME:c99extidentifier)";
				PRODUCT_NAME = "$(TARGET_NAME:c99extidentifier)";
				SKIP_INSTALL = YES;
				SWIFT_ACTIVE_COMPILATION_CONDITIONS = "$(inherited)";
				TARGET_NAME = Pony;
				TVOS_DEPLOYMENT_TARGET = 9.0;
				WATCHOS_DEPLOYMENT_TARGET = 2.0;
			};
			name = Release;
		};
		OBJ_3 /* Debug */ = {
			isa = XCBuildConfiguration;
			buildSettings = {
				CLANG_ENABLE_OBJC_ARC = YES;
				COMBINE_HIDPI_IMAGES = YES;
				COPY_PHASE_STRIP = NO;
				DEBUG_INFORMATION_FORMAT = dwarf;
				DYLIB_INSTALL_NAME_BASE = "@rpath";
				ENABLE_NS_ASSERTIONS = YES;
				GCC_OPTIMIZATION_LEVEL = 0;
				GCC_PREPROCESSOR_DEFINITIONS = (
					"$(inherited)",
					"SWIFT_PACKAGE=1",
					"DEBUG=1",
				);
				MACOSX_DEPLOYMENT_TARGET = 10.10;
				ONLY_ACTIVE_ARCH = YES;
				OTHER_SWIFT_FLAGS = "$(inherited) -DXcode";
				PRODUCT_NAME = "$(TARGET_NAME)";
				SDKROOT = macosx;
				SUPPORTED_PLATFORMS = "macosx iphoneos iphonesimulator appletvos appletvsimulator watchos watchsimulator";
				SWIFT_ACTIVE_COMPILATION_CONDITIONS = "$(inherited) SWIFT_PACKAGE DEBUG";
				SWIFT_OPTIMIZATION_LEVEL = "-Onone";
				USE_HEADERMAP = NO;
			};
			name = Debug;
		};
		OBJ_4 /* Release */ = {
			isa = XCBuildConfiguration;
			buildSettings = {
				CLANG_ENABLE_OBJC_ARC = YES;
				COMBINE_HIDPI_IMAGES = YES;
				COPY_PHASE_STRIP = YES;
				DEBUG_INFORMATION_FORMAT = "dwarf-with-dsym";
				DYLIB_INSTALL_NAME_BASE = "@rpath";
				GCC_OPTIMIZATION_LEVEL = s;
				GCC_PREPROCESSOR_DEFINITIONS = (
					"$(inherited)",
					"SWIFT_PACKAGE=1",
				);
				MACOSX_DEPLOYMENT_TARGET = 10.10;
				OTHER_SWIFT_FLAGS = "$(inherited) -DXcode";
				PRODUCT_NAME = "$(TARGET_NAME)";
				SDKROOT = macosx;
				SUPPORTED_PLATFORMS = "macosx iphoneos iphonesimulator appletvos appletvsimulator watchos watchsimulator";
				SWIFT_ACTIVE_COMPILATION_CONDITIONS = "$(inherited) SWIFT_PACKAGE";
				SWIFT_OPTIMIZATION_LEVEL = "-Owholemodule";
				USE_HEADERMAP = NO;
			};
			name = Release;
		};
		OBJ_67 /* Debug */ = {
			isa = XCBuildConfiguration;
			buildSettings = {
				ENABLE_TESTABILITY = YES;
				FRAMEWORK_SEARCH_PATHS = (
					"$(inherited)",
					"$(PLATFORM_DIR)/Developer/Library/Frameworks",
				);
				HEADER_SEARCH_PATHS = (
					"$(inherited)",
					"$(SRCROOT)/Sources/Pony/include",
					"$(SRCROOT)/Flynn.xcodeproj/GeneratedModuleMap/Pony",
				);
				INFOPLIST_FILE = Flynn.xcodeproj/Flynn_Info.plist;
				IPHONEOS_DEPLOYMENT_TARGET = 9.0;
				LD_RUNPATH_SEARCH_PATHS = "$(inherited) $(TOOLCHAIN_DIR)/usr/lib/swift/macosx";
				MACOSX_DEPLOYMENT_TARGET = 10.10;
				OTHER_CFLAGS = "$(inherited)";
				OTHER_LDFLAGS = "$(inherited)";
				OTHER_SWIFT_FLAGS = "$(inherited) -Xcc -fmodule-map-file=$(SRCROOT)/Flynn.xcodeproj/GeneratedModuleMap/Pony/module.modulemap";
				PRODUCT_BUNDLE_IDENTIFIER = Flynn;
				PRODUCT_MODULE_NAME = "$(TARGET_NAME:c99extidentifier)";
				PRODUCT_NAME = "$(TARGET_NAME:c99extidentifier)";
				SKIP_INSTALL = YES;
				SWIFT_ACTIVE_COMPILATION_CONDITIONS = "$(inherited)";
				SWIFT_VERSION = 5.0;
				TARGET_NAME = Flynn;
				TVOS_DEPLOYMENT_TARGET = 9.0;
				WATCHOS_DEPLOYMENT_TARGET = 2.0;
			};
			name = Debug;
		};
		OBJ_68 /* Release */ = {
			isa = XCBuildConfiguration;
			buildSettings = {
				ENABLE_TESTABILITY = YES;
				FRAMEWORK_SEARCH_PATHS = (
					"$(inherited)",
					"$(PLATFORM_DIR)/Developer/Library/Frameworks",
				);
				HEADER_SEARCH_PATHS = (
					"$(inherited)",
					"$(SRCROOT)/Sources/Pony/include",
					"$(SRCROOT)/Flynn.xcodeproj/GeneratedModuleMap/Pony",
				);
				INFOPLIST_FILE = Flynn.xcodeproj/Flynn_Info.plist;
				IPHONEOS_DEPLOYMENT_TARGET = 9.0;
				LD_RUNPATH_SEARCH_PATHS = "$(inherited) $(TOOLCHAIN_DIR)/usr/lib/swift/macosx";
				MACOSX_DEPLOYMENT_TARGET = 10.10;
				OTHER_CFLAGS = "$(inherited)";
				OTHER_LDFLAGS = "$(inherited)";
				OTHER_SWIFT_FLAGS = "$(inherited) -Xcc -fmodule-map-file=$(SRCROOT)/Flynn.xcodeproj/GeneratedModuleMap/Pony/module.modulemap";
				PRODUCT_BUNDLE_IDENTIFIER = Flynn;
				PRODUCT_MODULE_NAME = "$(TARGET_NAME:c99extidentifier)";
				PRODUCT_NAME = "$(TARGET_NAME:c99extidentifier)";
				SKIP_INSTALL = YES;
				SWIFT_ACTIVE_COMPILATION_CONDITIONS = "$(inherited)";
				SWIFT_VERSION = 5.0;
				TARGET_NAME = Flynn;
				TVOS_DEPLOYMENT_TARGET = 9.0;
				WATCHOS_DEPLOYMENT_TARGET = 2.0;
			};
			name = Release;
		};
		OBJ_81 /* Debug */ = {
			isa = XCBuildConfiguration;
			buildSettings = {
				LD = /usr/bin/true;
				OTHER_SWIFT_FLAGS = "-swift-version 5 -I $(TOOLCHAIN_DIR)/usr/lib/swift/pm/4_2 -package-description-version 5.0.0";
				SWIFT_VERSION = 5.0;
			};
			name = Debug;
		};
		OBJ_82 /* Release */ = {
			isa = XCBuildConfiguration;
			buildSettings = {
				LD = /usr/bin/true;
				OTHER_SWIFT_FLAGS = "-swift-version 5 -I $(TOOLCHAIN_DIR)/usr/lib/swift/pm/4_2 -package-description-version 5.0.0";
				SWIFT_VERSION = 5.0;
			};
			name = Release;
		};
		OBJ_87 /* Debug */ = {
			isa = XCBuildConfiguration;
			buildSettings = {
			};
			name = Debug;
		};
		OBJ_88 /* Release */ = {
			isa = XCBuildConfiguration;
			buildSettings = {
			};
			name = Release;
		};
		OBJ_92 /* Debug */ = {
			isa = XCBuildConfiguration;
			buildSettings = {
				CLANG_ENABLE_MODULES = YES;
				EMBEDDED_CONTENT_CONTAINS_SWIFT = YES;
				FRAMEWORK_SEARCH_PATHS = (
					"$(inherited)",
					"$(PLATFORM_DIR)/Developer/Library/Frameworks",
				);
				HEADER_SEARCH_PATHS = (
					"$(inherited)",
					"$(SRCROOT)/Sources/Pony/include",
					"$(SRCROOT)/Flynn.xcodeproj/GeneratedModuleMap/Pony",
				);
				INFOPLIST_FILE = Flynn.xcodeproj/FlynnTests_Info.plist;
				IPHONEOS_DEPLOYMENT_TARGET = 9.0;
				LD_RUNPATH_SEARCH_PATHS = "$(inherited) @loader_path/../Frameworks @loader_path/Frameworks";
				MACOSX_DEPLOYMENT_TARGET = 10.10;
				OTHER_CFLAGS = "$(inherited)";
				OTHER_LDFLAGS = "$(inherited)";
				OTHER_SWIFT_FLAGS = "$(inherited) -Xcc -fmodule-map-file=$(SRCROOT)/Flynn.xcodeproj/GeneratedModuleMap/Pony/module.modulemap";
				SWIFT_ACTIVE_COMPILATION_CONDITIONS = "$(inherited)";
				SWIFT_VERSION = 5.0;
				TARGET_NAME = FlynnTests;
				TVOS_DEPLOYMENT_TARGET = 9.0;
				WATCHOS_DEPLOYMENT_TARGET = 2.0;
			};
			name = Debug;
		};
		OBJ_93 /* Release */ = {
			isa = XCBuildConfiguration;
			buildSettings = {
				CLANG_ENABLE_MODULES = YES;
				EMBEDDED_CONTENT_CONTAINS_SWIFT = YES;
				FRAMEWORK_SEARCH_PATHS = (
					"$(inherited)",
					"$(PLATFORM_DIR)/Developer/Library/Frameworks",
				);
				HEADER_SEARCH_PATHS = (
					"$(inherited)",
					"$(SRCROOT)/Sources/Pony/include",
					"$(SRCROOT)/Flynn.xcodeproj/GeneratedModuleMap/Pony",
				);
				INFOPLIST_FILE = Flynn.xcodeproj/FlynnTests_Info.plist;
				IPHONEOS_DEPLOYMENT_TARGET = 9.0;
				LD_RUNPATH_SEARCH_PATHS = "$(inherited) @loader_path/../Frameworks @loader_path/Frameworks";
				MACOSX_DEPLOYMENT_TARGET = 10.10;
				OTHER_CFLAGS = "$(inherited)";
				OTHER_LDFLAGS = "$(inherited)";
				OTHER_SWIFT_FLAGS = "$(inherited) -Xcc -fmodule-map-file=$(SRCROOT)/Flynn.xcodeproj/GeneratedModuleMap/Pony/module.modulemap";
				SWIFT_ACTIVE_COMPILATION_CONDITIONS = "$(inherited)";
				SWIFT_VERSION = 5.0;
				TARGET_NAME = FlynnTests;
				TVOS_DEPLOYMENT_TARGET = 9.0;
				WATCHOS_DEPLOYMENT_TARGET = 2.0;
			};
			name = Release;
		};
/* End XCBuildConfiguration section */

/* Begin XCConfigurationList section */
		OBJ_110 /* Build configuration list for PBXNativeTarget "Pony" */ = {
			isa = XCConfigurationList;
			buildConfigurations = (
				OBJ_111 /* Debug */,
				OBJ_112 /* Release */,
			);
			defaultConfigurationIsVisible = 0;
			defaultConfigurationName = Release;
		};
		OBJ_2 /* Build configuration list for PBXProject "Flynn" */ = {
			isa = XCConfigurationList;
			buildConfigurations = (
				OBJ_3 /* Debug */,
				OBJ_4 /* Release */,
			);
			defaultConfigurationIsVisible = 0;
			defaultConfigurationName = Release;
		};
		OBJ_66 /* Build configuration list for PBXNativeTarget "Flynn" */ = {
			isa = XCConfigurationList;
			buildConfigurations = (
				OBJ_67 /* Debug */,
				OBJ_68 /* Release */,
			);
			defaultConfigurationIsVisible = 0;
			defaultConfigurationName = Release;
		};
		OBJ_80 /* Build configuration list for PBXNativeTarget "FlynnPackageDescription" */ = {
			isa = XCConfigurationList;
			buildConfigurations = (
				OBJ_81 /* Debug */,
				OBJ_82 /* Release */,
			);
			defaultConfigurationIsVisible = 0;
			defaultConfigurationName = Release;
		};
		OBJ_86 /* Build configuration list for PBXAggregateTarget "FlynnPackageTests" */ = {
			isa = XCConfigurationList;
			buildConfigurations = (
				OBJ_87 /* Debug */,
				OBJ_88 /* Release */,
			);
			defaultConfigurationIsVisible = 0;
			defaultConfigurationName = Release;
		};
		OBJ_91 /* Build configuration list for PBXNativeTarget "FlynnTests" */ = {
			isa = XCConfigurationList;
			buildConfigurations = (
				OBJ_92 /* Debug */,
				OBJ_93 /* Release */,
			);
			defaultConfigurationIsVisible = 0;
			defaultConfigurationName = Release;
		};
/* End XCConfigurationList section */
	};
	rootObject = OBJ_1 /* Project object */;
}
