{
  "object": {
    "pins": [
      {
        "package": "BinaryCodable",
        "repositoryURL": "https://github.com/KittyMac/BinaryCodable.git",
        "state": {
          "branch": "develop",
          "revision": "4caa9de7d9c51b0777fc4524a6c19221fa42538f",
          "version": null
        }
      },
      {
        "package": "LzSwift",
        "repositoryURL": "https://github.com/KittyMac/LzSwift.git",
        "state": {
          "branch": "vendored",
          "revision": "ead6105febfd65210647365c859f78c39432e672",
          "version": null
        }
      },
      {
        "package": "swift-argument-parser",
        "repositoryURL": "https://github.com/apple/swift-argument-parser",
        "state": {
          "branch": null,
          "revision": "3e7d2fe99da091dcc1e4a7dd22fc3cfc2dca7937",
          "version": "0.2.2"
        }
      }
    ]
  },
  "version": 1
}
