{
  "object": {
    "pins": [
      {
        "package": "Socket",
        "repositoryURL": "https://github.com/IBM-Swift/BlueSocket.git",
        "state": {
          "branch": null,
          "revision": "c46a3d41f5b2401d18bcb46d0101cdc5cd13e307",
          "version": "1.0.52"
        }
      },
      {
        "package": "Flynn",
        "repositoryURL": "https://github.com/KittyMac/Flynn.git",
        "state": {
          "branch": "master",
          "revision": "90dd621aba3b3356d60db4f0788629da89be3309",
          "version": null
        }
      },
      {
        "package": "swift-argument-parser",
        "repositoryURL": "https://github.com/apple/swift-argument-parser",
        "state": {
          "branch": null,
          "revision": "3e7d2fe99da091dcc1e4a7dd22fc3cfc2dca7937",
          "version": "0.2.2"
        }
      }
    ]
  },
  "version": 1
}
