{
  "object": {
    "pins": [
      {
        "package": "AEXML",
        "repositoryURL": "https://github.com/SmallPlanetSporks/AEXML.git",
        "state": {
          "branch": "spmaster",
          "revision": "67663d951a325b6132be757b5979c2a032f82fc9",
          "version": null
        }
      },
      {
        "package": "Anchorage",
        "repositoryURL": "https://github.com/Rightpoint/Anchorage",
        "state": {
          "branch": null,
          "revision": "18fed38e95db3200aecbd5b7101b981f91656084",
          "version": "4.4.0"
        }
      },
      {
        "package": "Flynn",
        "repositoryURL": "https://github.com/KittyMac/flynn",
        "state": {
          "branch": "dispatch_queues_opt",
          "revision": "a9eabdc74f46dbcf3466cc24f2f0ca651032dd34",
          "version": null
        }
      },
      {
        "package": "PlanetSwift",
        "repositoryURL": "https://github.com/SmallPlanet/PlanetSwift",
        "state": {
          "branch": "master",
          "revision": "2556084dd32e6d44f87bb0efcd139fedeee85c7c",
          "version": null
        }
      }
    ]
  },
  "version": 1
}
