{
  "object": {
    "pins": [
      {
        "package": "swift-argument-parser",
        "repositoryURL": "https://github.com/apple/swift-argument-parser",
        "state": {
          "branch": null,
          "revision": "3e7d2fe99da091dcc1e4a7dd22fc3cfc2dca7937",
          "version": "0.2.2"
        }
      }
    ]
  },
  "version": 1
}
