{
  "object": {
    "pins": [
      {
        "package": "Flynn",
        "repositoryURL": "https://github.com/KittyMac/flynn",
        "state": {
          "branch": "master",
          "revision": "700b18b2daef6d7a7704f3cf9fca672299cdab36",
          "version": null
        }
      }
    ]
  },
  "version": 1
}
