{
  "object": {
    "pins": [
      {
        "package": "Flynn",
        "repositoryURL": "https://github.com/KittyMac/flynn",
        "state": {
          "branch": "master",
          "revision": "7bc7c6792ddfc656f332c25b8f9443d20bab18f1",
          "version": null
        }
      }
    ]
  },
  "version": 1
}
